
Microsoft Visual Studio Solution File, Format Version 12.00
# Visual Studio 2013
VisualStudioVersion = 12.0.31101.0
MinimumVisualStudioVersion = 10.0.40219.1
Project("{FAE04EC0-301F-11D3-BF4B-00C04F79EFBC}") = "RhinoCommon", "..\..\dotnet\RhinoCommon.csproj", "{ED38373E-290C-4BDE-ACBA-1601484E582A}"
EndProject
Project("{FAE04EC0-301F-11D3-BF4B-00C04F79EFBC}") = "RhinoWindows", "..\..\..\RhinoWindows\RhinoWindows.csproj", "{78E5C303-7764-446E-BABA-FDB410BD98E1}"
EndProject
Project("{FAE04EC0-301F-11D3-BF4B-00C04F79EFBC}") = "rdktest_cs", "rdktest_cs.csproj", "{E0A775C2-7D67-4125-885F-B140D4F9CC7C}"
EndProject
Project("{FAE04EC0-301F-11D3-BF4B-00C04F79EFBC}") = "Rhino.UI", "..\..\..\Rhino.UI\Rhino.UI.csproj", "{3D7C4CFA-38E3-46ED-A689-862A34F6656C}"
EndProject
Project("{FAE04EC0-301F-11D3-BF4B-00C04F79EFBC}") = "Eto - pcl", "..\..\..\Eto\Source\Eto\Eto - pcl.csproj", "{35EF0A4E-2A1A-492C-8BED-106774EA09F2}"
EndProject
Project("{FAE04EC0-301F-11D3-BF4B-00C04F79EFBC}") = "Eto.Wpf - net45", "..\..\..\Eto\Source\Eto.Wpf\Eto.Wpf - net45.csproj", "{63137FA0-CA55-11E3-9C1A-0800200C9A66}"
EndProject
Global
	GlobalSection(SolutionConfigurationPlatforms) = preSolution
		Debug|Any CPU = Debug|Any CPU
		Debug32|Any CPU = Debug32|Any CPU
		Debug64|Any CPU = Debug64|Any CPU
		Mono|Any CPU = Mono|Any CPU
		OpenNURBS_Debug|Any CPU = OpenNURBS_Debug|Any CPU
		OpenNURBS_Release|Any CPU = OpenNURBS_Release|Any CPU
		Release|Any CPU = Release|Any CPU
	EndGlobalSection
	GlobalSection(ProjectConfigurationPlatforms) = postSolution
		{ED38373E-290C-4BDE-ACBA-1601484E582A}.Debug|Any CPU.ActiveCfg = Debug|Any CPU
		{ED38373E-290C-4BDE-ACBA-1601484E582A}.Debug|Any CPU.Build.0 = Debug|Any CPU
		{ED38373E-290C-4BDE-ACBA-1601484E582A}.Debug32|Any CPU.ActiveCfg = Debug|Any CPU
		{ED38373E-290C-4BDE-ACBA-1601484E582A}.Debug32|Any CPU.Build.0 = Debug|Any CPU
		{ED38373E-290C-4BDE-ACBA-1601484E582A}.Debug64|Any CPU.ActiveCfg = Debug|Any CPU
		{ED38373E-290C-4BDE-ACBA-1601484E582A}.Debug64|Any CPU.Build.0 = Debug|Any CPU
		{ED38373E-290C-4BDE-ACBA-1601484E582A}.Mono|Any CPU.ActiveCfg = Mono|Any CPU
		{ED38373E-290C-4BDE-ACBA-1601484E582A}.Mono|Any CPU.Build.0 = Mono|Any CPU
		{ED38373E-290C-4BDE-ACBA-1601484E582A}.OpenNURBS_Debug|Any CPU.ActiveCfg = OpenNURBS_Debug|Any CPU
		{ED38373E-290C-4BDE-ACBA-1601484E582A}.OpenNURBS_Debug|Any CPU.Build.0 = OpenNURBS_Debug|Any CPU
		{ED38373E-290C-4BDE-ACBA-1601484E582A}.OpenNURBS_Release|Any CPU.ActiveCfg = OpenNURBS_Release|Any CPU
		{ED38373E-290C-4BDE-ACBA-1601484E582A}.OpenNURBS_Release|Any CPU.Build.0 = OpenNURBS_Release|Any CPU
		{ED38373E-290C-4BDE-ACBA-1601484E582A}.Release|Any CPU.ActiveCfg = Release|Any CPU
		{ED38373E-290C-4BDE-ACBA-1601484E582A}.Release|Any CPU.Build.0 = Release|Any CPU
		{78E5C303-7764-446E-BABA-FDB410BD98E1}.Debug|Any CPU.ActiveCfg = Debug|Any CPU
		{78E5C303-7764-446E-BABA-FDB410BD98E1}.Debug|Any CPU.Build.0 = Debug|Any CPU
		{78E5C303-7764-446E-BABA-FDB410BD98E1}.Debug32|Any CPU.ActiveCfg = Debug|Any CPU
		{78E5C303-7764-446E-BABA-FDB410BD98E1}.Debug32|Any CPU.Build.0 = Debug|Any CPU
		{78E5C303-7764-446E-BABA-FDB410BD98E1}.Debug64|Any CPU.ActiveCfg = Debug|Any CPU
		{78E5C303-7764-446E-BABA-FDB410BD98E1}.Debug64|Any CPU.Build.0 = Debug|Any CPU
		{78E5C303-7764-446E-BABA-FDB410BD98E1}.Mono|Any CPU.ActiveCfg = Release|Any CPU
		{78E5C303-7764-446E-BABA-FDB410BD98E1}.Mono|Any CPU.Build.0 = Release|Any CPU
		{78E5C303-7764-446E-BABA-FDB410BD98E1}.OpenNURBS_Debug|Any CPU.ActiveCfg = Debug|Any CPU
		{78E5C303-7764-446E-BABA-FDB410BD98E1}.OpenNURBS_Debug|Any CPU.Build.0 = Debug|Any CPU
		{78E5C303-7764-446E-BABA-FDB410BD98E1}.OpenNURBS_Release|Any CPU.ActiveCfg = Release|Any CPU
		{78E5C303-7764-446E-BABA-FDB410BD98E1}.OpenNURBS_Release|Any CPU.Build.0 = Release|Any CPU
		{78E5C303-7764-446E-BABA-FDB410BD98E1}.Release|Any CPU.ActiveCfg = Release|Any CPU
		{78E5C303-7764-446E-BABA-FDB410BD98E1}.Release|Any CPU.Build.0 = Release|Any CPU
		{E0A775C2-7D67-4125-885F-B140D4F9CC7C}.Debug|Any CPU.ActiveCfg = Debug|Any CPU
		{E0A775C2-7D67-4125-885F-B140D4F9CC7C}.Debug|Any CPU.Build.0 = Debug|Any CPU
		{E0A775C2-7D67-4125-885F-B140D4F9CC7C}.Debug32|Any CPU.ActiveCfg = Debug|Any CPU
		{E0A775C2-7D67-4125-885F-B140D4F9CC7C}.Debug32|Any CPU.Build.0 = Debug|Any CPU
		{E0A775C2-7D67-4125-885F-B140D4F9CC7C}.Debug64|Any CPU.ActiveCfg = Debug|Any CPU
		{E0A775C2-7D67-4125-885F-B140D4F9CC7C}.Debug64|Any CPU.Build.0 = Debug|Any CPU
		{E0A775C2-7D67-4125-885F-B140D4F9CC7C}.Mono|Any CPU.ActiveCfg = Release|Any CPU
		{E0A775C2-7D67-4125-885F-B140D4F9CC7C}.Mono|Any CPU.Build.0 = Release|Any CPU
		{E0A775C2-7D67-4125-885F-B140D4F9CC7C}.OpenNURBS_Debug|Any CPU.ActiveCfg = Debug|Any CPU
		{E0A775C2-7D67-4125-885F-B140D4F9CC7C}.OpenNURBS_Debug|Any CPU.Build.0 = Debug|Any CPU
		{E0A775C2-7D67-4125-885F-B140D4F9CC7C}.OpenNURBS_Release|Any CPU.ActiveCfg = Release|Any CPU
		{E0A775C2-7D67-4125-885F-B140D4F9CC7C}.OpenNURBS_Release|Any CPU.Build.0 = Release|Any CPU
		{E0A775C2-7D67-4125-885F-B140D4F9CC7C}.Release|Any CPU.ActiveCfg = Release|Any CPU
		{E0A775C2-7D67-4125-885F-B140D4F9CC7C}.Release|Any CPU.Build.0 = Release|Any CPU
		{3D7C4CFA-38E3-46ED-A689-862A34F6656C}.Debug|Any CPU.ActiveCfg = Debug|Any CPU
		{3D7C4CFA-38E3-46ED-A689-862A34F6656C}.Debug|Any CPU.Build.0 = Debug|Any CPU
		{3D7C4CFA-38E3-46ED-A689-862A34F6656C}.Debug32|Any CPU.ActiveCfg = Debug|Any CPU
		{3D7C4CFA-38E3-46ED-A689-862A34F6656C}.Debug32|Any CPU.Build.0 = Debug|Any CPU
		{3D7C4CFA-38E3-46ED-A689-862A34F6656C}.Debug64|Any CPU.ActiveCfg = Debug|Any CPU
		{3D7C4CFA-38E3-46ED-A689-862A34F6656C}.Debug64|Any CPU.Build.0 = Debug|Any CPU
		{3D7C4CFA-38E3-46ED-A689-862A34F6656C}.Mono|Any CPU.ActiveCfg = Release|Any CPU
		{3D7C4CFA-38E3-46ED-A689-862A34F6656C}.Mono|Any CPU.Build.0 = Release|Any CPU
		{3D7C4CFA-38E3-46ED-A689-862A34F6656C}.OpenNURBS_Debug|Any CPU.ActiveCfg = Debug|Any CPU
		{3D7C4CFA-38E3-46ED-A689-862A34F6656C}.OpenNURBS_Debug|Any CPU.Build.0 = Debug|Any CPU
		{3D7C4CFA-38E3-46ED-A689-862A34F6656C}.OpenNURBS_Release|Any CPU.ActiveCfg = Release|Any CPU
		{3D7C4CFA-38E3-46ED-A689-862A34F6656C}.OpenNURBS_Release|Any CPU.Build.0 = Release|Any CPU
		{3D7C4CFA-38E3-46ED-A689-862A34F6656C}.Release|Any CPU.ActiveCfg = Release|Any CPU
		{3D7C4CFA-38E3-46ED-A689-862A34F6656C}.Release|Any CPU.Build.0 = Release|Any CPU
		{35EF0A4E-2A1A-492C-8BED-106774EA09F2}.Debug|Any CPU.ActiveCfg = Debug|Any CPU
		{35EF0A4E-2A1A-492C-8BED-106774EA09F2}.Debug|Any CPU.Build.0 = Debug|Any CPU
		{35EF0A4E-2A1A-492C-8BED-106774EA09F2}.Debug32|Any CPU.ActiveCfg = Debug|Any CPU
		{35EF0A4E-2A1A-492C-8BED-106774EA09F2}.Debug32|Any CPU.Build.0 = Debug|Any CPU
		{35EF0A4E-2A1A-492C-8BED-106774EA09F2}.Debug64|Any CPU.ActiveCfg = Debug|Any CPU
		{35EF0A4E-2A1A-492C-8BED-106774EA09F2}.Debug64|Any CPU.Build.0 = Debug|Any CPU
		{35EF0A4E-2A1A-492C-8BED-106774EA09F2}.Mono|Any CPU.ActiveCfg = Release|Any CPU
		{35EF0A4E-2A1A-492C-8BED-106774EA09F2}.Mono|Any CPU.Build.0 = Release|Any CPU
		{35EF0A4E-2A1A-492C-8BED-106774EA09F2}.OpenNURBS_Debug|Any CPU.ActiveCfg = Debug|Any CPU
		{35EF0A4E-2A1A-492C-8BED-106774EA09F2}.OpenNURBS_Debug|Any CPU.Build.0 = Debug|Any CPU
		{35EF0A4E-2A1A-492C-8BED-106774EA09F2}.OpenNURBS_Release|Any CPU.ActiveCfg = Release|Any CPU
		{35EF0A4E-2A1A-492C-8BED-106774EA09F2}.OpenNURBS_Release|Any CPU.Build.0 = Release|Any CPU
		{35EF0A4E-2A1A-492C-8BED-106774EA09F2}.Release|Any CPU.ActiveCfg = Release|Any CPU
		{35EF0A4E-2A1A-492C-8BED-106774EA09F2}.Release|Any CPU.Build.0 = Release|Any CPU
		{63137FA0-CA55-11E3-9C1A-0800200C9A66}.Debug|Any CPU.ActiveCfg = Debug|Any CPU
		{63137FA0-CA55-11E3-9C1A-0800200C9A66}.Debug|Any CPU.Build.0 = Debug|Any CPU
		{63137FA0-CA55-11E3-9C1A-0800200C9A66}.Debug32|Any CPU.ActiveCfg = Debug|Any CPU
		{63137FA0-CA55-11E3-9C1A-0800200C9A66}.Debug32|Any CPU.Build.0 = Debug|Any CPU
		{63137FA0-CA55-11E3-9C1A-0800200C9A66}.Debug64|Any CPU.ActiveCfg = Debug|Any CPU
		{63137FA0-CA55-11E3-9C1A-0800200C9A66}.Debug64|Any CPU.Build.0 = Debug|Any CPU
		{63137FA0-CA55-11E3-9C1A-0800200C9A66}.Mono|Any CPU.ActiveCfg = Release|Any CPU
		{63137FA0-CA55-11E3-9C1A-0800200C9A66}.Mono|Any CPU.Build.0 = Release|Any CPU
		{63137FA0-CA55-11E3-9C1A-0800200C9A66}.OpenNURBS_Debug|Any CPU.ActiveCfg = Debug|Any CPU
		{63137FA0-CA55-11E3-9C1A-0800200C9A66}.OpenNURBS_Debug|Any CPU.Build.0 = Debug|Any CPU
		{63137FA0-CA55-11E3-9C1A-0800200C9A66}.OpenNURBS_Release|Any CPU.ActiveCfg = Release|Any CPU
		{63137FA0-CA55-11E3-9C1A-0800200C9A66}.OpenNURBS_Release|Any CPU.Build.0 = Release|Any CPU
		{63137FA0-CA55-11E3-9C1A-0800200C9A66}.Release|Any CPU.ActiveCfg = Release|Any CPU
		{63137FA0-CA55-11E3-9C1A-0800200C9A66}.Release|Any CPU.Build.0 = Release|Any CPU
	EndGlobalSection
	GlobalSection(SolutionProperties) = preSolution
		HideSolutionNode = FALSE
	EndGlobalSection
EndGlobal
