
Microsoft Visual Studio Solution File, Format Version 12.00
# Visual Studio 15
VisualStudioVersion = 15.0.27130.2026
MinimumVisualStudioVersion = 10.0.40219.1
Project("{FAE04EC0-301F-11D3-BF4B-00C04F79EFBC}") = "SampleCsRdk", "SampleCsRdk.csproj", "{E0A775C2-7D67-4125-885F-B140D4F9CC7C}"
EndProject
Global
	GlobalSection(SolutionConfigurationPlatforms) = preSolution
		Debug|Any CPU = Debug|Any CPU
		Debug32|Any CPU = Debug32|Any CPU
		Debug64|Any CPU = Debug64|Any CPU
		Mono|Any CPU = Mono|Any CPU
		OpenNURBS_Debug|Any CPU = OpenNURBS_Debug|Any CPU
		OpenNURBS_Release|Any CPU = OpenNURBS_Release|Any CPU
		Release|Any CPU = Release|Any CPU
	EndGlobalSection
	GlobalSection(ProjectConfigurationPlatforms) = postSolution
		{E0A775C2-7D67-4125-885F-B140D4F9CC7C}.Debug|Any CPU.ActiveCfg = Debug|Any CPU
		{E0A775C2-7D67-4125-885F-B140D4F9CC7C}.Debug|Any CPU.Build.0 = Debug|Any CPU
		{E0A775C2-7D67-4125-885F-B140D4F9CC7C}.Debug32|Any CPU.ActiveCfg = Debug|Any CPU
		{E0A775C2-7D67-4125-885F-B140D4F9CC7C}.Debug32|Any CPU.Build.0 = Debug|Any CPU
		{E0A775C2-7D67-4125-885F-B140D4F9CC7C}.Debug64|Any CPU.ActiveCfg = Debug|Any CPU
		{E0A775C2-7D67-4125-885F-B140D4F9CC7C}.Debug64|Any CPU.Build.0 = Debug|Any CPU
		{E0A775C2-7D67-4125-885F-B140D4F9CC7C}.Mono|Any CPU.ActiveCfg = Release|Any CPU
		{E0A775C2-7D67-4125-885F-B140D4F9CC7C}.Mono|Any CPU.Build.0 = Release|Any CPU
		{E0A775C2-7D67-4125-885F-B140D4F9CC7C}.OpenNURBS_Debug|Any CPU.ActiveCfg = Debug|Any CPU
		{E0A775C2-7D67-4125-885F-B140D4F9CC7C}.OpenNURBS_Debug|Any CPU.Build.0 = Debug|Any CPU
		{E0A775C2-7D67-4125-885F-B140D4F9CC7C}.OpenNURBS_Release|Any CPU.ActiveCfg = Release|Any CPU
		{E0A775C2-7D67-4125-885F-B140D4F9CC7C}.OpenNURBS_Release|Any CPU.Build.0 = Release|Any CPU
		{E0A775C2-7D67-4125-885F-B140D4F9CC7C}.Release|Any CPU.ActiveCfg = Release|Any CPU
		{E0A775C2-7D67-4125-885F-B140D4F9CC7C}.Release|Any CPU.Build.0 = Release|Any CPU
	EndGlobalSection
	GlobalSection(SolutionProperties) = preSolution
		HideSolutionNode = FALSE
	EndGlobalSection
	GlobalSection(ExtensibilityGlobals) = postSolution
		SolutionGuid = {06C06094-326C-4066-901C-60FEA94B0440}
	EndGlobalSection
EndGlobal
