---
title: Add Nested Block
description: Demonstrates how to add a nested block to an instance definition.
author: steve@mcneel.com
apis:
- RhinoCommon
languages:
- C#
- VB
platforms:
- Windows
- Mac
categories:
- Adding Objects
- Blocks
origin: unset
order: 1
keywords:
- add
- nested
- block
layout: code-sample-rhinocommon
