
Microsoft Visual Studio Solution File, Format Version 12.00
# Visual Studio 15
VisualStudioVersion = 15.0.26403.7
MinimumVisualStudioVersion = 10.0.40219.1
Project("{FAE04EC0-301F-11D3-BF4B-00C04F79EFBC}") = "PluginCommunicationOne", "PluginCommunicationOne\PluginCommunicationOne.csproj", "{8ABEBC35-FCA5-4E4F-A096-4B0F178D1C7E}"
EndProject
Project("{FAE04EC0-301F-11D3-BF4B-00C04F79EFBC}") = "PluginCommunicationTwo", "PluginCommunicationTwo\PluginCommunicationTwo.csproj", "{A88C3DD5-5813-4853-A7C3-F09C2C18D2A6}"
EndProject
Global
	GlobalSection(SolutionConfigurationPlatforms) = preSolution
		Debug|Any CPU = Debug|Any CPU
		Release|Any CPU = Release|Any CPU
	EndGlobalSection
	GlobalSection(ProjectConfigurationPlatforms) = postSolution
		{8ABEBC35-FCA5-4E4F-A096-4B0F178D1C7E}.Debug|Any CPU.ActiveCfg = Debug|Any CPU
		{8ABEBC35-FCA5-4E4F-A096-4B0F178D1C7E}.Debug|Any CPU.Build.0 = Debug|Any CPU
		{8ABEBC35-FCA5-4E4F-A096-4B0F178D1C7E}.Release|Any CPU.ActiveCfg = Release|Any CPU
		{8ABEBC35-FCA5-4E4F-A096-4B0F178D1C7E}.Release|Any CPU.Build.0 = Release|Any CPU
		{A88C3DD5-5813-4853-A7C3-F09C2C18D2A6}.Debug|Any CPU.ActiveCfg = Debug|Any CPU
		{A88C3DD5-5813-4853-A7C3-F09C2C18D2A6}.Debug|Any CPU.Build.0 = Debug|Any CPU
		{A88C3DD5-5813-4853-A7C3-F09C2C18D2A6}.Release|Any CPU.ActiveCfg = Release|Any CPU
		{A88C3DD5-5813-4853-A7C3-F09C2C18D2A6}.Release|Any CPU.Build.0 = Release|Any CPU
	EndGlobalSection
	GlobalSection(SolutionProperties) = preSolution
		HideSolutionNode = FALSE
	EndGlobalSection
EndGlobal
