{
  "name": "sampletextentities",
  "version": "0.0.1",
  "lockfileVersion": 3,
  "requires": true,
  "packages": {
    "": {
      "name": "sampletextentities",
      "version": "0.0.1",
      "license": "MIT",
      "dependencies": {
        "rhino3dm": "file:../../install/rhino3dm-8.6.0-dev"
      }
    },
    "../../install/rhino3dm-8.4.0-dev": {
      "name": "rhino3dm",
      "version": "8.4.0",
      "extraneous": true,
      "license": "MIT"
    },
    "../../install/rhino3dm-8.6.0-dev": {
      "version": "8.6.0-beta",
      "license": "MIT"
    },
    "node_modules/rhino3dm": {
      "resolved": "../../install/rhino3dm-8.6.0-dev",
      "link": true
    }
  }
}
