<?xml version="1.0" encoding="utf-8"?>
<Project ToolsVersion="4.0" xmlns="http://schemas.microsoft.com/developer/msbuild/2003">
  <ItemGroup>
    <ClCompile Include="cmdPickObjects.cpp">
      <Filter>Source Files</Filter>
    </ClCompile>
    <ClCompile Include="cmdSampleBlockView.cpp">
      <Filter>Source Files</Filter>
    </ClCompile>
    <ClCompile Include="cmdSampleCirclePreview.cpp">
      <Filter>Source Files</Filter>
    </ClCompile>
    <ClCompile Include="cmdSampleModalDialog.cpp">
      <Filter>Source Files</Filter>
    </ClCompile>
    <ClCompile Include="cmdSampleModelessDialog.cpp">
      <Filter>Source Files</Filter>
    </ClCompile>
    <ClCompile Include="cmdSampleOptionsDialog.cpp">
      <Filter>Source Files</Filter>
    </ClCompile>
    <ClCompile Include="cmdSampleSelectFiles.cpp">
      <Filter>Source Files</Filter>
    </ClCompile>
    <ClCompile Include="SampleBlockViewDialog.cpp">
      <Filter>Source Files</Filter>
    </ClCompile>
    <ClCompile Include="SampleCirclePreviewDialog.cpp">
      <Filter>Source Files</Filter>
    </ClCompile>
    <ClCompile Include="SampleModalDialog.cpp">
      <Filter>Source Files</Filter>
    </ClCompile>
    <ClCompile Include="SampleModelessDialog.cpp">
      <Filter>Source Files</Filter>
    </ClCompile>
    <ClCompile Include="SampleOptionsListCtrlDlg.cpp">
      <Filter>Source Files</Filter>
    </ClCompile>
    <ClCompile Include="SamplePickObjectsDialog.cpp">
      <Filter>Source Files</Filter>
    </ClCompile>
    <ClCompile Include="SampleUserInterfaceApp.cpp">
      <Filter>Source Files</Filter>
    </ClCompile>
    <ClCompile Include="SampleUserInterfacePlugIn.cpp">
      <Filter>Source Files</Filter>
    </ClCompile>
    <ClCompile Include="stdafx.cpp">
      <Filter>Source Files</Filter>
    </ClCompile>
    <ClCompile Include="cmdSampleAnimator.cpp">
      <Filter>Source Files</Filter>
    </ClCompile>
    <ClCompile Include="SampleAnimatorDialog.cpp">
      <Filter>Source Files</Filter>
    </ClCompile>
    <ClCompile Include="cmdSampleBlockWalk.cpp">
      <Filter>Source Files</Filter>
    </ClCompile>
    <ClCompile Include="SampleBlockWalkDialog.cpp">
      <Filter>Source Files</Filter>
    </ClCompile>
    <ClCompile Include="cmdSampleThumbnailPreview.cpp">
      <Filter>Source Files</Filter>
    </ClCompile>
    <ClCompile Include="SampleThumbnailPreviewDialog.cpp">
      <Filter>Source Files</Filter>
    </ClCompile>
    <ClCompile Include="SampleThumbnailPreviewStatic.cpp">
      <Filter>Source Files</Filter>
    </ClCompile>
    <ClCompile Include="cmdSampleTabbedDockBar.cpp">
      <Filter>Source Files</Filter>
    </ClCompile>
    <ClCompile Include="SampleTabbedDockBarDialog.cpp">
      <Filter>Source Files</Filter>
    </ClCompile>
    <ClCompile Include="cmdSampleScrollTabbedDockBar.cpp">
      <Filter>Source Files</Filter>
    </ClCompile>
    <ClCompile Include="SampleDialogScrollHelper.cpp">
      <Filter>Source Files</Filter>
    </ClCompile>
    <ClCompile Include="SampleScrollTabbedDockBarDialog.cpp">
      <Filter>Source Files</Filter>
    </ClCompile>
    <ClCompile Include="SampleLayerContextMenuExtension.cpp">
      <Filter>Source Files</Filter>
    </ClCompile>
    <ClCompile Include="cmdSampleMenu.cpp">
      <Filter>Source Files</Filter>
    </ClCompile>
    <ClCompile Include="cmdSampleMenuToggle.cpp">
      <Filter>Source Files</Filter>
    </ClCompile>
    <ClCompile Include="SampleDocumentPropertiesPage.cpp">
      <Filter>Source Files</Filter>
    </ClCompile>
    <ClCompile Include="SampleOptionsPage.cpp">
      <Filter>Source Files</Filter>
    </ClCompile>
    <ClCompile Include="SampleObjectPropertiesPageDialog.cpp">
      <Filter>Source Files</Filter>
    </ClCompile>
    <ClCompile Include="cmdSampleDockbar.cpp">
      <Filter>Source Files</Filter>
    </ClCompile>
    <ClCompile Include="SampleRhinoDockbar.cpp">
      <Filter>Source Files</Filter>
    </ClCompile>
    <ClCompile Include="SampleRhinoDockbarDialog.cpp">
      <Filter>Source Files</Filter>
    </ClCompile>
    <ClCompile Include="cmdSampleObjectManager.cpp">
      <Filter>Source Files</Filter>
    </ClCompile>
    <ClCompile Include="SampleObjectManagerDialog.cpp">
      <Filter>Source Files</Filter>
    </ClCompile>
    <ClCompile Include="cmdSampleOptionsListCtrl.cpp">
      <Filter>Source Files</Filter>
    </ClCompile>
    <ClCompile Include="SampleOptionsListCtrlPageDialog.cpp">
      <Filter>Source Files</Filter>
    </ClCompile>
  </ItemGroup>
  <ItemGroup>
    <ClInclude Include="SampleAnimatorDialog.h">
      <Filter>Header Files</Filter>
    </ClInclude>
    <ClInclude Include="SampleBlockViewDialog.h">
      <Filter>Header Files</Filter>
    </ClInclude>
    <ClInclude Include="SampleCirclePreviewDialog.h">
      <Filter>Header Files</Filter>
    </ClInclude>
    <ClInclude Include="SampleModalDialog.h">
      <Filter>Header Files</Filter>
    </ClInclude>
    <ClInclude Include="SampleModelessDialog.h">
      <Filter>Header Files</Filter>
    </ClInclude>
    <ClInclude Include="SampleOptionsListCtrlDlg.h">
      <Filter>Header Files</Filter>
    </ClInclude>
    <ClInclude Include="SamplePickObjectsDialog.h">
      <Filter>Header Files</Filter>
    </ClInclude>
    <ClInclude Include="Resource.h">
      <Filter>Header Files</Filter>
    </ClInclude>
    <ClInclude Include="SampleUserInterfaceApp.h">
      <Filter>Header Files</Filter>
    </ClInclude>
    <ClInclude Include="SampleUserInterfacePlugIn.h">
      <Filter>Header Files</Filter>
    </ClInclude>
    <ClInclude Include="stdafx.h">
      <Filter>Header Files</Filter>
    </ClInclude>
    <ClInclude Include="targetver.h">
      <Filter>Header Files</Filter>
    </ClInclude>
    <ClInclude Include="SampleBlockWalkDialog.h">
      <Filter>Header Files</Filter>
    </ClInclude>
    <ClInclude Include="SampleThumbnailPreviewDialog.h">
      <Filter>Header Files</Filter>
    </ClInclude>
    <ClInclude Include="SampleThumbnailPreviewStatic.h">
      <Filter>Header Files</Filter>
    </ClInclude>
    <ClInclude Include="SampleTabbedDockBarDialog.h">
      <Filter>Header Files</Filter>
    </ClInclude>
    <ClInclude Include="SampleDialogScrollHelper.h">
      <Filter>Header Files</Filter>
    </ClInclude>
    <ClInclude Include="SampleScrollTabbedDockBarDialog.h">
      <Filter>Header Files</Filter>
    </ClInclude>
    <ClInclude Include="SampleLayerContextMenuExtension.h">
      <Filter>Header Files</Filter>
    </ClInclude>
    <ClInclude Include="SampleOptionsPage.h">
      <Filter>Header Files</Filter>
    </ClInclude>
    <ClInclude Include="SampleDocumentPropertiesPage.h">
      <Filter>Header Files</Filter>
    </ClInclude>
    <ClInclude Include="SampleObjectPropertiesPageDialog.h">
      <Filter>Header Files</Filter>
    </ClInclude>
    <ClInclude Include="SampleRhinoDockbar.h">
      <Filter>Header Files</Filter>
    </ClInclude>
    <ClInclude Include="SampleRhinoDockbarDialog.h">
      <Filter>Header Files</Filter>
    </ClInclude>
    <ClInclude Include="SampleObjectManagerDialog.h">
      <Filter>Header Files</Filter>
    </ClInclude>
    <ClInclude Include="SampleOptionsListCtrlPageDialog.h">
      <Filter>Header Files</Filter>
    </ClInclude>
  </ItemGroup>
  <ItemGroup>
    <None Include="SampleUserInterface.def">
      <Filter>Source Files</Filter>
    </None>
    <None Include="res\SampleUserInterface.rc2">
      <Filter>Resource Files</Filter>
    </None>
  </ItemGroup>
  <ItemGroup>
    <Filter Include="Header Files">
      <UniqueIdentifier>{a45da1e0-e7a4-4bba-a2be-e263bafc1468}</UniqueIdentifier>
      <Extensions>h;hh;hpp;hxx;hm;inl;inc;xsd</Extensions>
    </Filter>
    <Filter Include="Resource Files">
      <UniqueIdentifier>{65beb700-0430-4408-8566-a335f99a4914}</UniqueIdentifier>
      <Extensions>rc;ico;cur;bmp;dlg;rc2;rct;bin;rgs;gif;jpg;jpeg;jpe;resx;tiff;tif;png;wav;mfcribbon-ms</Extensions>
    </Filter>
    <Filter Include="Source Files">
      <UniqueIdentifier>{b513dfd7-c83e-4fa3-8167-4df5b3c6d7d8}</UniqueIdentifier>
      <Extensions>cpp;c;cc;cxx;def;odl;idl;hpj;bat;asm;asmx</Extensions>
    </Filter>
  </ItemGroup>
  <ItemGroup>
    <ResourceCompile Include="SampleUserInterface.rc">
      <Filter>Resource Files</Filter>
    </ResourceCompile>
  </ItemGroup>
  <ItemGroup>
    <Image Include="res\SampleTabbedDockBar.ico">
      <Filter>Resource Files</Filter>
    </Image>
    <Image Include="res\SampleScrollTabbedDockBar.ico">
      <Filter>Resource Files</Filter>
    </Image>
    <Image Include="res\SampleObjectPropertiesPage.ico">
      <Filter>Resource Files</Filter>
    </Image>
    <Image Include="res\SampleObjectManager.ico">
      <Filter>Resource Files</Filter>
    </Image>
    <Image Include="res\SampleOptionsListCtrl.ico">
      <Filter>Resource Files</Filter>
    </Image>
  </ItemGroup>
</Project>