{
  "name": "samplerendersettings",
  "version": "0.0.1",
  "lockfileVersion": 2,
  "requires": true,
  "packages": {
    "": {
      "name": "samplerendersettings",
      "version": "0.0.1",
      "license": "MIT",
      "dependencies": {
        "rhino3dm": "8.4.0"
      }
    },
    "node_modules/rhino3dm": {
      "version": "8.4.0",
      "resolved": "https://registry.npmjs.org/rhino3dm/-/rhino3dm-8.4.0.tgz",
      "integrity": "sha512-jKkwoeA49nBkC27CNLpdP5kZ6QkY+WZv3I44bHSnYIzuPaszexyRukXUDc8QTnkeJR/oTJjH4QygyaKlKtHa8Q=="
    }
  },
  "dependencies": {
    "rhino3dm": {
      "version": "8.4.0",
      "resolved": "https://registry.npmjs.org/rhino3dm/-/rhino3dm-8.4.0.tgz",
      "integrity": "sha512-jKkwoeA49nBkC27CNLpdP5kZ6QkY+WZv3I44bHSnYIzuPaszexyRukXUDc8QTnkeJR/oTJjH4QygyaKlKtHa8Q=="
    }
  }
}
