<?xml version="1.0" encoding="utf-8"?>
<Project ToolsVersion="4.0" xmlns="http://schemas.microsoft.com/developer/msbuild/2003">
  <ItemGroup>
    <Filter Include="Source Files">
      <UniqueIdentifier>{D595DA2D-E692-4C20-B5CF-A1BCF8F9C376}</UniqueIdentifier>
      <Extensions>cpp;c;cc;cxx;def;odl;idl;hpj;bat;asm;asmx</Extensions>
    </Filter>
    <Filter Include="Header Files">
      <UniqueIdentifier>{D0138638-070A-4C42-B491-F54442F7B5A6}</UniqueIdentifier>
      <Extensions>h;hh;hpp;hxx;hm;inl;inc;xsd</Extensions>
    </Filter>
    <Filter Include="Resource Files">
      <UniqueIdentifier>{8DD65C58-BBA2-447F-81FA-474B29089FFB}</UniqueIdentifier>
      <Extensions>rc;ico;cur;bmp;dlg;rc2;rct;bin;rgs;gif;jpg;jpeg;jpe;resx;tiff;tif;png;wav;mfcribbon-ms</Extensions>
    </Filter>
  </ItemGroup>
  <ItemGroup>
    <ClCompile Include="stdafx.cpp">
      <Filter>Source Files</Filter>
    </ClCompile>
    <ClCompile Include="SampleRenderer.cpp">
      <Filter>Source Files</Filter>
    </ClCompile>
    <ClCompile Include="SampleRealtimeRendererPlugIn.cpp">
      <Filter>Source Files</Filter>
    </ClCompile>
    <ClCompile Include="SampleRealtimeRendererApp.cpp">
      <Filter>Source Files</Filter>
    </ClCompile>
    <ClCompile Include="cmdSampleRealtimeRenderer.cpp">
      <Filter>Source Files</Filter>
    </ClCompile>
    <ClCompile Include="SampleDisplayMode.cpp">
      <Filter>Source Files</Filter>
    </ClCompile>
  </ItemGroup>
  <ItemGroup>
    <ClInclude Include="stdafx.h">
      <Filter>Header Files</Filter>
    </ClInclude>
    <ClInclude Include="Resource.h">
      <Filter>Header Files</Filter>
    </ClInclude>
    <ClInclude Include="targetver.h">
      <Filter>Header Files</Filter>
    </ClInclude>
    <ClInclude Include="SampleRenderer.h">
      <Filter>Header Files</Filter>
    </ClInclude>
    <ClInclude Include="SampleRealtimeRendererPlugIn.h">
      <Filter>Header Files</Filter>
    </ClInclude>
    <ClInclude Include="SampleRealtimeRendererApp.h">
      <Filter>Header Files</Filter>
    </ClInclude>
    <ClInclude Include="SampleDisplayMode.h">
      <Filter>Header Files</Filter>
    </ClInclude>
  </ItemGroup>
  <ItemGroup>
    <None Include="SampleRealtimeRenderer.def">
      <Filter>Source Files</Filter>
    </None>
    <None Include="res\SampleRealtimeRenderer.rc2">
      <Filter>Resource Files</Filter>
    </None>
  </ItemGroup>
  <ItemGroup>
    <ResourceCompile Include="SampleRealtimeRenderer.rc">
      <Filter>Resource Files</Filter>
    </ResourceCompile>
  </ItemGroup>
  <ItemGroup>
    <Image Include="res\SampleRealtimeRenderer.ico">
      <Filter>Resource Files</Filter>
    </Image>
  </ItemGroup>
</Project>