
Microsoft Visual Studio Solution File, Format Version 12.00
# Visual Studio Version 17
VisualStudioVersion = 17.0.31903.59
MinimumVisualStudioVersion = 10.0.40219.1
Project("{FAE04EC0-301F-11D3-BF4B-00C04F79EFBC}") = "SampleCSTestSetMesh", "SampleCSTestSetMesh.csproj", "{F9EB104E-201D-44AA-8D3B-9A4850A19635}"
EndProject
Global
	GlobalSection(SolutionConfigurationPlatforms) = preSolution
		Debug|Any CPU = Debug|Any CPU
		Release|Any CPU = Release|Any CPU
	EndGlobalSection
	GlobalSection(SolutionProperties) = preSolution
		HideSolutionNode = FALSE
	EndGlobalSection
	GlobalSection(ProjectConfigurationPlatforms) = postSolution
		{F9EB104E-201D-44AA-8D3B-9A4850A19635}.Debug|Any CPU.ActiveCfg = Debug|Any CPU
		{F9EB104E-201D-44AA-8D3B-9A4850A19635}.Debug|Any CPU.Build.0 = Debug|Any CPU
		{F9EB104E-201D-44AA-8D3B-9A4850A19635}.Release|Any CPU.ActiveCfg = Release|Any CPU
		{F9EB104E-201D-44AA-8D3B-9A4850A19635}.Release|Any CPU.Build.0 = Release|Any CPU
	EndGlobalSection
EndGlobal
