
Microsoft Visual Studio Solution File, Format Version 12.00
# Visual Studio 15
VisualStudioVersion = 15.0.26730.16
MinimumVisualStudioVersion = 10.0.40219.1
Project("{8BC9CEB8-8B4A-11D0-8D11-00A0C91BC942}") = "SampleCommands", "SampleCommands\SampleCommands.vcxproj", "{2AE01DAD-D283-4ADA-861C-6F0B2BFAF11C}"
EndProject
Project("{8BC9CEB8-8B4A-11D0-8D11-00A0C91BC942}") = "SampleImportPoints", "SampleImportPoints\SampleImportPoints.vcxproj", "{D2D3B9EF-207B-42B9-9E55-6DE168CB3B91}"
EndProject
Project("{8BC9CEB8-8B4A-11D0-8D11-00A0C91BC942}") = "SampleEventWatcher", "SampleEventWatcher\SampleEventWatcher.vcxproj", "{4217A2FA-B42F-4713-ABA9-4DB1E4D76D20}"
EndProject
Project("{8BC9CEB8-8B4A-11D0-8D11-00A0C91BC942}") = "SampleImportGeomview", "SampleImportGeomview\SampleImportGeomview.vcxproj", "{FE725F68-0E5C-44D0-A3E0-C2AF42DF09DA}"
EndProject
Project("{8BC9CEB8-8B4A-11D0-8D11-00A0C91BC942}") = "SampleExportMesh", "SampleExportMesh\SampleExportMesh.vcxproj", "{D6CD6128-BFBB-447A-A791-456041EA91CF}"
EndProject
Project("{8BC9CEB8-8B4A-11D0-8D11-00A0C91BC942}") = "SampleDigitizer", "SampleDigitizer\SampleDigitizer.vcxproj", "{BBA91EAD-30DF-4CCE-8E61-1B196B78BE8D}"
EndProject
Project("{8BC9CEB8-8B4A-11D0-8D11-00A0C91BC942}") = "SampleSerialize", "SampleSerialize\SampleSerialize.vcxproj", "{A1C5D0C6-912D-4504-8426-3BF5D76F684F}"
EndProject
Project("{8BC9CEB8-8B4A-11D0-8D11-00A0C91BC942}") = "SampleMarker", "SampleMarker\SampleMarker.vcxproj", "{A71676AB-7A9B-4AED-98A7-4E7FAD6A8A9D}"
EndProject
Project("{8BC9CEB8-8B4A-11D0-8D11-00A0C91BC942}") = "SampleLocalization", "SampleLocalization\SampleLocalization.vcxproj", "{71F7EB35-7C2D-4646-802C-066BB942A22C}"
EndProject
Project("{8BC9CEB8-8B4A-11D0-8D11-00A0C91BC942}") = "SampleUserInterface", "SampleUserInterface\SampleUserInterface.vcxproj", "{0FD7F8DB-DCE7-4273-9858-B90DF4FF40EF}"
EndProject
Project("{8BC9CEB8-8B4A-11D0-8D11-00A0C91BC942}") = "SampleCustomUndo", "SampleCustomUndo\SampleCustomUndo.vcxproj", "{1A7AD606-4B4C-495D-9489-A0EC2792B8EB}"
EndProject
Project("{8BC9CEB8-8B4A-11D0-8D11-00A0C91BC942}") = "SampleAutomation", "SampleAutomation\SampleAutomation.vcxproj", "{EC5823AC-9513-4D9A-8181-D65744423FE4}"
EndProject
Project("{8BC9CEB8-8B4A-11D0-8D11-00A0C91BC942}") = "SampleAutomationClient", "SampleAutomationClient\SampleAutomationClient.vcxproj", "{BD73956A-3999-4DBC-9218-F92E37E4FC12}"
	ProjectSection(ProjectDependencies) = postProject
		{EC5823AC-9513-4D9A-8181-D65744423FE4} = {EC5823AC-9513-4D9A-8181-D65744423FE4}
	EndProjectSection
EndProject
Project("{8BC9CEB8-8B4A-11D0-8D11-00A0C91BC942}") = "SampleSharedUserData1", "SampleSharedUserData1\SampleSharedUserData1.vcxproj", "{8E416487-0251-4D48-84F0-C3876B2FFCAD}"
	ProjectSection(ProjectDependencies) = postProject
		{995DF447-BC77-4EED-A8D4-FF43433F8D1E} = {995DF447-BC77-4EED-A8D4-FF43433F8D1E}
	EndProjectSection
EndProject
Project("{8BC9CEB8-8B4A-11D0-8D11-00A0C91BC942}") = "SampleSharedUserData2", "SampleSharedUserData2\SampleSharedUserData2.vcxproj", "{EB107F20-8EA3-407E-987A-55CD1DCEECD2}"
	ProjectSection(ProjectDependencies) = postProject
		{995DF447-BC77-4EED-A8D4-FF43433F8D1E} = {995DF447-BC77-4EED-A8D4-FF43433F8D1E}
	EndProjectSection
EndProject
Project("{8BC9CEB8-8B4A-11D0-8D11-00A0C91BC942}") = "SampleSharedUserDataCoreLib", "SampleSharedUserDataCoreLib\SampleSharedUserDataCoreLib.vcxproj", "{995DF447-BC77-4EED-A8D4-FF43433F8D1E}"
EndProject
Project("{8BC9CEB8-8B4A-11D0-8D11-00A0C91BC942}") = "SampleSkinHandler", "SampleSkinHandler\SampleSkinHandler.vcxproj", "{3D211A2E-1483-4E5F-A14A-0EE2CA4BC05C}"
	ProjectSection(ProjectDependencies) = postProject
		{B0312430-A5D6-4C50-92B8-B05E0656FEA4} = {B0312430-A5D6-4C50-92B8-B05E0656FEA4}
	EndProjectSection
EndProject
Project("{8BC9CEB8-8B4A-11D0-8D11-00A0C91BC942}") = "SampleSkin", "SampleSkin\SampleSkin.vcxproj", "{B0312430-A5D6-4C50-92B8-B05E0656FEA4}"
EndProject
Project("{8BC9CEB8-8B4A-11D0-8D11-00A0C91BC942}") = "SampleSpaceGizmo", "SampleSpaceGizmo\SampleSpaceGizmo.vcxproj", "{77575B79-42FD-4456-9933-81784BD9A4A6}"
	ProjectSection(ProjectDependencies) = postProject
		{8C7A0630-6197-48C8-9D13-21CAEDA0A9FB} = {8C7A0630-6197-48C8-9D13-21CAEDA0A9FB}
	EndProjectSection
EndProject
Project("{8BC9CEB8-8B4A-11D0-8D11-00A0C91BC942}") = "SampleSpaceBallLib", "SampleSpaceBallLib\SampleSpaceBallLib.vcxproj", "{8C7A0630-6197-48C8-9D13-21CAEDA0A9FB}"
EndProject
Project("{8BC9CEB8-8B4A-11D0-8D11-00A0C91BC942}") = "SampleRhinoFileVersion", "SampleRhinoFileVersion\SampleRhinoFileVersion.vcxproj", "{F797EED0-4168-4B0A-956A-465B64CD4FCC}"
EndProject
Project("{8BC9CEB8-8B4A-11D0-8D11-00A0C91BC942}") = "SampleRdkMaterialAutoUI", "SampleRdkMaterialAutoUI\SampleRdkMaterialAutoUI.vcxproj", "{D9106855-428A-428F-9588-9076DE1A1321}"
EndProject
Project("{8BC9CEB8-8B4A-11D0-8D11-00A0C91BC942}") = "SampleRealtimeRenderer", "SampleRealtimeRenderer\SampleRealtimeRenderer.vcxproj", "{9996042C-BA07-4F6F-88EF-D9C304B40A7D}"
EndProject
Project("{8BC9CEB8-8B4A-11D0-8D11-00A0C91BC942}") = "SampleWithLicensing", "SampleWithLicensing\SampleWithLicensing.vcxproj", "{F24371C6-7DD7-4208-B6D4-D652F0DE434A}"
EndProject
Project("{8BC9CEB8-8B4A-11D0-8D11-00A0C91BC942}") = "SampleRdkMaterialCustomUI", "SampleRdkMaterialCustomUI\SampleRdkMaterialCustomUI.vcxproj", "{4128DEDE-8A8A-40A3-9DC4-87918DCE1E18}"
EndProject
Project("{8BC9CEB8-8B4A-11D0-8D11-00A0C91BC942}") = "SampleRdkRenderer", "SampleRdkRenderer\SampleRdkRenderer.vcxproj", "{61FB7653-1897-45E1-9146-894D68963107}"
EndProject
Project("{8BC9CEB8-8B4A-11D0-8D11-00A0C91BC942}") = "SampleRdkAsyncRenderer", "SampleRdkAsyncRenderer\SampleRdkAsyncRenderer.vcxproj", "{4F1C6A55-6481-4E5F-9E08-05BFAB531E0C}"
EndProject
Project("{8BC9CEB8-8B4A-11D0-8D11-00A0C91BC942}") = "SampleRdkMarmalade", "SampleRdkMarmalade\Marmalade.vcxproj", "{702A8DAD-BFBA-4A45-A1A9-AAACE4AFDFF7}"
EndProject
Project("{8BC9CEB8-8B4A-11D0-8D11-00A0C91BC942}") = "SampleChangeQueue", "SampleChangeQueue\SampleChangeQueue.vcxproj", "{73B185C2-4058-4500-A12C-E2D7F917FA79}"
EndProject
Project("{8BC9CEB8-8B4A-11D0-8D11-00A0C91BC942}") = "SampleCustomRenderMesh", "SampleCustomRenderMesh\SampleCustomRenderMesh.vcxproj", "{3CCC067E-989F-4E33-BABA-6FC75FBAC201}"
EndProject
Project("{8BC9CEB8-8B4A-11D0-8D11-00A0C91BC942}") = "SampleRdkEffectsPanel", "SampleRdkEffectsPanel\SampleRdkEffectsPanel.vcxproj", "{43471328-4335-4429-9F06-B0AEA711D31B}"
EndProject
Project("{8BC9CEB8-8B4A-11D0-8D11-00A0C91BC942}") = "SampleDockBarDialog", "SampleDockBarDialog\SampleDockBarDialog.vcxproj", "{431CF7CF-4110-4EF8-ACFD-C98C4547B1F0}"
EndProject
Project("{8BC9CEB8-8B4A-11D0-8D11-00A0C91BC942}") = "SampleRdkChangeQueue", "SampleRdkChangeQueue\SampleRdkChangeQueue.vcxproj", "{FE232237-9B56-4782-86C2-7359571B5D99}"
EndProject
Global
	GlobalSection(SolutionConfigurationPlatforms) = preSolution
		Debug|x64 = Debug|x64
		Debug|x86 = Debug|x86
		PseudoDebug|x64 = PseudoDebug|x64
		PseudoDebug|x86 = PseudoDebug|x86
		Release|x64 = Release|x64
		Release|x86 = Release|x86
	EndGlobalSection
	GlobalSection(ProjectConfigurationPlatforms) = postSolution
		{2AE01DAD-D283-4ADA-861C-6F0B2BFAF11C}.Debug|x64.ActiveCfg = Debug|x64
		{2AE01DAD-D283-4ADA-861C-6F0B2BFAF11C}.Debug|x64.Build.0 = Debug|x64
		{2AE01DAD-D283-4ADA-861C-6F0B2BFAF11C}.Debug|x86.ActiveCfg = Debug|x64
		{2AE01DAD-D283-4ADA-861C-6F0B2BFAF11C}.PseudoDebug|x64.ActiveCfg = Debug|x64
		{2AE01DAD-D283-4ADA-861C-6F0B2BFAF11C}.PseudoDebug|x86.ActiveCfg = Release|x64
		{2AE01DAD-D283-4ADA-861C-6F0B2BFAF11C}.Release|x64.ActiveCfg = Release|x64
		{2AE01DAD-D283-4ADA-861C-6F0B2BFAF11C}.Release|x64.Build.0 = Release|x64
		{2AE01DAD-D283-4ADA-861C-6F0B2BFAF11C}.Release|x86.ActiveCfg = Release|x64
		{D2D3B9EF-207B-42B9-9E55-6DE168CB3B91}.Debug|x64.ActiveCfg = Debug|x64
		{D2D3B9EF-207B-42B9-9E55-6DE168CB3B91}.Debug|x64.Build.0 = Debug|x64
		{D2D3B9EF-207B-42B9-9E55-6DE168CB3B91}.Debug|x86.ActiveCfg = Debug|x64
		{D2D3B9EF-207B-42B9-9E55-6DE168CB3B91}.PseudoDebug|x64.ActiveCfg = Debug|x64
		{D2D3B9EF-207B-42B9-9E55-6DE168CB3B91}.PseudoDebug|x86.ActiveCfg = Release|x64
		{D2D3B9EF-207B-42B9-9E55-6DE168CB3B91}.Release|x64.ActiveCfg = Release|x64
		{D2D3B9EF-207B-42B9-9E55-6DE168CB3B91}.Release|x64.Build.0 = Release|x64
		{D2D3B9EF-207B-42B9-9E55-6DE168CB3B91}.Release|x86.ActiveCfg = Release|x64
		{4217A2FA-B42F-4713-ABA9-4DB1E4D76D20}.Debug|x64.ActiveCfg = Debug|x64
		{4217A2FA-B42F-4713-ABA9-4DB1E4D76D20}.Debug|x64.Build.0 = Debug|x64
		{4217A2FA-B42F-4713-ABA9-4DB1E4D76D20}.Debug|x86.ActiveCfg = Debug|x64
		{4217A2FA-B42F-4713-ABA9-4DB1E4D76D20}.PseudoDebug|x64.ActiveCfg = Debug|x64
		{4217A2FA-B42F-4713-ABA9-4DB1E4D76D20}.PseudoDebug|x86.ActiveCfg = Release|x64
		{4217A2FA-B42F-4713-ABA9-4DB1E4D76D20}.Release|x64.ActiveCfg = Release|x64
		{4217A2FA-B42F-4713-ABA9-4DB1E4D76D20}.Release|x64.Build.0 = Release|x64
		{4217A2FA-B42F-4713-ABA9-4DB1E4D76D20}.Release|x86.ActiveCfg = Release|x64
		{FE725F68-0E5C-44D0-A3E0-C2AF42DF09DA}.Debug|x64.ActiveCfg = Debug|x64
		{FE725F68-0E5C-44D0-A3E0-C2AF42DF09DA}.Debug|x64.Build.0 = Debug|x64
		{FE725F68-0E5C-44D0-A3E0-C2AF42DF09DA}.Debug|x86.ActiveCfg = Debug|x64
		{FE725F68-0E5C-44D0-A3E0-C2AF42DF09DA}.PseudoDebug|x64.ActiveCfg = Debug|x64
		{FE725F68-0E5C-44D0-A3E0-C2AF42DF09DA}.PseudoDebug|x86.ActiveCfg = Release|x64
		{FE725F68-0E5C-44D0-A3E0-C2AF42DF09DA}.Release|x64.ActiveCfg = Release|x64
		{FE725F68-0E5C-44D0-A3E0-C2AF42DF09DA}.Release|x64.Build.0 = Release|x64
		{FE725F68-0E5C-44D0-A3E0-C2AF42DF09DA}.Release|x86.ActiveCfg = Release|x64
		{D6CD6128-BFBB-447A-A791-456041EA91CF}.Debug|x64.ActiveCfg = Debug|x64
		{D6CD6128-BFBB-447A-A791-456041EA91CF}.Debug|x64.Build.0 = Debug|x64
		{D6CD6128-BFBB-447A-A791-456041EA91CF}.Debug|x86.ActiveCfg = Debug|x64
		{D6CD6128-BFBB-447A-A791-456041EA91CF}.PseudoDebug|x64.ActiveCfg = Debug|x64
		{D6CD6128-BFBB-447A-A791-456041EA91CF}.PseudoDebug|x86.ActiveCfg = Release|x64
		{D6CD6128-BFBB-447A-A791-456041EA91CF}.Release|x64.ActiveCfg = Release|x64
		{D6CD6128-BFBB-447A-A791-456041EA91CF}.Release|x64.Build.0 = Release|x64
		{D6CD6128-BFBB-447A-A791-456041EA91CF}.Release|x86.ActiveCfg = Release|x64
		{BBA91EAD-30DF-4CCE-8E61-1B196B78BE8D}.Debug|x64.ActiveCfg = Debug|x64
		{BBA91EAD-30DF-4CCE-8E61-1B196B78BE8D}.Debug|x64.Build.0 = Debug|x64
		{BBA91EAD-30DF-4CCE-8E61-1B196B78BE8D}.Debug|x86.ActiveCfg = Debug|x64
		{BBA91EAD-30DF-4CCE-8E61-1B196B78BE8D}.PseudoDebug|x64.ActiveCfg = Debug|x64
		{BBA91EAD-30DF-4CCE-8E61-1B196B78BE8D}.PseudoDebug|x86.ActiveCfg = Release|x64
		{BBA91EAD-30DF-4CCE-8E61-1B196B78BE8D}.Release|x64.ActiveCfg = Release|x64
		{BBA91EAD-30DF-4CCE-8E61-1B196B78BE8D}.Release|x64.Build.0 = Release|x64
		{BBA91EAD-30DF-4CCE-8E61-1B196B78BE8D}.Release|x86.ActiveCfg = Release|x64
		{A1C5D0C6-912D-4504-8426-3BF5D76F684F}.Debug|x64.ActiveCfg = Debug|x64
		{A1C5D0C6-912D-4504-8426-3BF5D76F684F}.Debug|x64.Build.0 = Debug|x64
		{A1C5D0C6-912D-4504-8426-3BF5D76F684F}.Debug|x86.ActiveCfg = Debug|x64
		{A1C5D0C6-912D-4504-8426-3BF5D76F684F}.PseudoDebug|x64.ActiveCfg = Debug|x64
		{A1C5D0C6-912D-4504-8426-3BF5D76F684F}.PseudoDebug|x86.ActiveCfg = Release|x64
		{A1C5D0C6-912D-4504-8426-3BF5D76F684F}.Release|x64.ActiveCfg = Release|x64
		{A1C5D0C6-912D-4504-8426-3BF5D76F684F}.Release|x64.Build.0 = Release|x64
		{A1C5D0C6-912D-4504-8426-3BF5D76F684F}.Release|x86.ActiveCfg = Release|x64
		{A71676AB-7A9B-4AED-98A7-4E7FAD6A8A9D}.Debug|x64.ActiveCfg = Debug|x64
		{A71676AB-7A9B-4AED-98A7-4E7FAD6A8A9D}.Debug|x64.Build.0 = Debug|x64
		{A71676AB-7A9B-4AED-98A7-4E7FAD6A8A9D}.Debug|x86.ActiveCfg = Debug|x64
		{A71676AB-7A9B-4AED-98A7-4E7FAD6A8A9D}.PseudoDebug|x64.ActiveCfg = Debug|x64
		{A71676AB-7A9B-4AED-98A7-4E7FAD6A8A9D}.PseudoDebug|x86.ActiveCfg = Release|x64
		{A71676AB-7A9B-4AED-98A7-4E7FAD6A8A9D}.Release|x64.ActiveCfg = Release|x64
		{A71676AB-7A9B-4AED-98A7-4E7FAD6A8A9D}.Release|x64.Build.0 = Release|x64
		{A71676AB-7A9B-4AED-98A7-4E7FAD6A8A9D}.Release|x86.ActiveCfg = Release|x64
		{71F7EB35-7C2D-4646-802C-066BB942A22C}.Debug|x64.ActiveCfg = Debug|x64
		{71F7EB35-7C2D-4646-802C-066BB942A22C}.Debug|x64.Build.0 = Debug|x64
		{71F7EB35-7C2D-4646-802C-066BB942A22C}.Debug|x86.ActiveCfg = Debug|x64
		{71F7EB35-7C2D-4646-802C-066BB942A22C}.PseudoDebug|x64.ActiveCfg = Debug|x64
		{71F7EB35-7C2D-4646-802C-066BB942A22C}.PseudoDebug|x86.ActiveCfg = Release|x64
		{71F7EB35-7C2D-4646-802C-066BB942A22C}.Release|x64.ActiveCfg = Release|x64
		{71F7EB35-7C2D-4646-802C-066BB942A22C}.Release|x64.Build.0 = Release|x64
		{71F7EB35-7C2D-4646-802C-066BB942A22C}.Release|x86.ActiveCfg = Release|x64
		{0FD7F8DB-DCE7-4273-9858-B90DF4FF40EF}.Debug|x64.ActiveCfg = Debug|x64
		{0FD7F8DB-DCE7-4273-9858-B90DF4FF40EF}.Debug|x64.Build.0 = Debug|x64
		{0FD7F8DB-DCE7-4273-9858-B90DF4FF40EF}.Debug|x86.ActiveCfg = Debug|x64
		{0FD7F8DB-DCE7-4273-9858-B90DF4FF40EF}.PseudoDebug|x64.ActiveCfg = Debug|x64
		{0FD7F8DB-DCE7-4273-9858-B90DF4FF40EF}.PseudoDebug|x86.ActiveCfg = Release|x64
		{0FD7F8DB-DCE7-4273-9858-B90DF4FF40EF}.Release|x64.ActiveCfg = Release|x64
		{0FD7F8DB-DCE7-4273-9858-B90DF4FF40EF}.Release|x64.Build.0 = Release|x64
		{0FD7F8DB-DCE7-4273-9858-B90DF4FF40EF}.Release|x86.ActiveCfg = Release|x64
		{1A7AD606-4B4C-495D-9489-A0EC2792B8EB}.Debug|x64.ActiveCfg = Debug|x64
		{1A7AD606-4B4C-495D-9489-A0EC2792B8EB}.Debug|x64.Build.0 = Debug|x64
		{1A7AD606-4B4C-495D-9489-A0EC2792B8EB}.Debug|x86.ActiveCfg = Debug|x64
		{1A7AD606-4B4C-495D-9489-A0EC2792B8EB}.PseudoDebug|x64.ActiveCfg = Debug|x64
		{1A7AD606-4B4C-495D-9489-A0EC2792B8EB}.PseudoDebug|x86.ActiveCfg = Release|x64
		{1A7AD606-4B4C-495D-9489-A0EC2792B8EB}.Release|x64.ActiveCfg = Release|x64
		{1A7AD606-4B4C-495D-9489-A0EC2792B8EB}.Release|x64.Build.0 = Release|x64
		{1A7AD606-4B4C-495D-9489-A0EC2792B8EB}.Release|x86.ActiveCfg = Release|x64
		{EC5823AC-9513-4D9A-8181-D65744423FE4}.Debug|x64.ActiveCfg = Debug|x64
		{EC5823AC-9513-4D9A-8181-D65744423FE4}.Debug|x64.Build.0 = Debug|x64
		{EC5823AC-9513-4D9A-8181-D65744423FE4}.Debug|x86.ActiveCfg = Debug|x64
		{EC5823AC-9513-4D9A-8181-D65744423FE4}.PseudoDebug|x64.ActiveCfg = Debug|x64
		{EC5823AC-9513-4D9A-8181-D65744423FE4}.PseudoDebug|x86.ActiveCfg = Release|x64
		{EC5823AC-9513-4D9A-8181-D65744423FE4}.Release|x64.ActiveCfg = Release|x64
		{EC5823AC-9513-4D9A-8181-D65744423FE4}.Release|x64.Build.0 = Release|x64
		{EC5823AC-9513-4D9A-8181-D65744423FE4}.Release|x86.ActiveCfg = Release|x64
		{BD73956A-3999-4DBC-9218-F92E37E4FC12}.Debug|x64.ActiveCfg = Debug|x64
		{BD73956A-3999-4DBC-9218-F92E37E4FC12}.Debug|x64.Build.0 = Debug|x64
		{BD73956A-3999-4DBC-9218-F92E37E4FC12}.Debug|x86.ActiveCfg = Debug|x64
		{BD73956A-3999-4DBC-9218-F92E37E4FC12}.PseudoDebug|x64.ActiveCfg = Debug|x64
		{BD73956A-3999-4DBC-9218-F92E37E4FC12}.PseudoDebug|x86.ActiveCfg = Release|x64
		{BD73956A-3999-4DBC-9218-F92E37E4FC12}.Release|x64.ActiveCfg = Release|x64
		{BD73956A-3999-4DBC-9218-F92E37E4FC12}.Release|x64.Build.0 = Release|x64
		{BD73956A-3999-4DBC-9218-F92E37E4FC12}.Release|x86.ActiveCfg = Release|x64
		{8E416487-0251-4D48-84F0-C3876B2FFCAD}.Debug|x64.ActiveCfg = Debug|x64
		{8E416487-0251-4D48-84F0-C3876B2FFCAD}.Debug|x64.Build.0 = Debug|x64
		{8E416487-0251-4D48-84F0-C3876B2FFCAD}.Debug|x86.ActiveCfg = Debug|x64
		{8E416487-0251-4D48-84F0-C3876B2FFCAD}.PseudoDebug|x64.ActiveCfg = Debug|x64
		{8E416487-0251-4D48-84F0-C3876B2FFCAD}.PseudoDebug|x86.ActiveCfg = Release|x64
		{8E416487-0251-4D48-84F0-C3876B2FFCAD}.Release|x64.ActiveCfg = Release|x64
		{8E416487-0251-4D48-84F0-C3876B2FFCAD}.Release|x64.Build.0 = Release|x64
		{8E416487-0251-4D48-84F0-C3876B2FFCAD}.Release|x86.ActiveCfg = Release|x64
		{EB107F20-8EA3-407E-987A-55CD1DCEECD2}.Debug|x64.ActiveCfg = Debug|x64
		{EB107F20-8EA3-407E-987A-55CD1DCEECD2}.Debug|x64.Build.0 = Debug|x64
		{EB107F20-8EA3-407E-987A-55CD1DCEECD2}.Debug|x86.ActiveCfg = Debug|x64
		{EB107F20-8EA3-407E-987A-55CD1DCEECD2}.PseudoDebug|x64.ActiveCfg = Debug|x64
		{EB107F20-8EA3-407E-987A-55CD1DCEECD2}.PseudoDebug|x86.ActiveCfg = Release|x64
		{EB107F20-8EA3-407E-987A-55CD1DCEECD2}.Release|x64.ActiveCfg = Release|x64
		{EB107F20-8EA3-407E-987A-55CD1DCEECD2}.Release|x64.Build.0 = Release|x64
		{EB107F20-8EA3-407E-987A-55CD1DCEECD2}.Release|x86.ActiveCfg = Release|x64
		{995DF447-BC77-4EED-A8D4-FF43433F8D1E}.Debug|x64.ActiveCfg = Debug|x64
		{995DF447-BC77-4EED-A8D4-FF43433F8D1E}.Debug|x64.Build.0 = Debug|x64
		{995DF447-BC77-4EED-A8D4-FF43433F8D1E}.Debug|x86.ActiveCfg = Debug|x64
		{995DF447-BC77-4EED-A8D4-FF43433F8D1E}.PseudoDebug|x64.ActiveCfg = Debug|x64
		{995DF447-BC77-4EED-A8D4-FF43433F8D1E}.PseudoDebug|x86.ActiveCfg = Release|x64
		{995DF447-BC77-4EED-A8D4-FF43433F8D1E}.Release|x64.ActiveCfg = Release|x64
		{995DF447-BC77-4EED-A8D4-FF43433F8D1E}.Release|x64.Build.0 = Release|x64
		{995DF447-BC77-4EED-A8D4-FF43433F8D1E}.Release|x86.ActiveCfg = Release|x64
		{3D211A2E-1483-4E5F-A14A-0EE2CA4BC05C}.Debug|x64.ActiveCfg = Debug|x64
		{3D211A2E-1483-4E5F-A14A-0EE2CA4BC05C}.Debug|x64.Build.0 = Debug|x64
		{3D211A2E-1483-4E5F-A14A-0EE2CA4BC05C}.Debug|x86.ActiveCfg = Debug|x64
		{3D211A2E-1483-4E5F-A14A-0EE2CA4BC05C}.PseudoDebug|x64.ActiveCfg = Debug|x64
		{3D211A2E-1483-4E5F-A14A-0EE2CA4BC05C}.PseudoDebug|x86.ActiveCfg = Release|x64
		{3D211A2E-1483-4E5F-A14A-0EE2CA4BC05C}.Release|x64.ActiveCfg = Release|x64
		{3D211A2E-1483-4E5F-A14A-0EE2CA4BC05C}.Release|x64.Build.0 = Release|x64
		{3D211A2E-1483-4E5F-A14A-0EE2CA4BC05C}.Release|x86.ActiveCfg = Release|x64
		{B0312430-A5D6-4C50-92B8-B05E0656FEA4}.Debug|x64.ActiveCfg = Debug|x64
		{B0312430-A5D6-4C50-92B8-B05E0656FEA4}.Debug|x64.Build.0 = Debug|x64
		{B0312430-A5D6-4C50-92B8-B05E0656FEA4}.Debug|x86.ActiveCfg = Debug|x64
		{B0312430-A5D6-4C50-92B8-B05E0656FEA4}.PseudoDebug|x64.ActiveCfg = Debug|x64
		{B0312430-A5D6-4C50-92B8-B05E0656FEA4}.PseudoDebug|x86.ActiveCfg = Release|x64
		{B0312430-A5D6-4C50-92B8-B05E0656FEA4}.Release|x64.ActiveCfg = Release|x64
		{B0312430-A5D6-4C50-92B8-B05E0656FEA4}.Release|x64.Build.0 = Release|x64
		{B0312430-A5D6-4C50-92B8-B05E0656FEA4}.Release|x86.ActiveCfg = Release|x64
		{77575B79-42FD-4456-9933-81784BD9A4A6}.Debug|x64.ActiveCfg = Debug|x64
		{77575B79-42FD-4456-9933-81784BD9A4A6}.Debug|x64.Build.0 = Debug|x64
		{77575B79-42FD-4456-9933-81784BD9A4A6}.Debug|x86.ActiveCfg = Debug|x64
		{77575B79-42FD-4456-9933-81784BD9A4A6}.PseudoDebug|x64.ActiveCfg = Debug|x64
		{77575B79-42FD-4456-9933-81784BD9A4A6}.PseudoDebug|x86.ActiveCfg = Release|x64
		{77575B79-42FD-4456-9933-81784BD9A4A6}.Release|x64.ActiveCfg = Release|x64
		{77575B79-42FD-4456-9933-81784BD9A4A6}.Release|x64.Build.0 = Release|x64
		{77575B79-42FD-4456-9933-81784BD9A4A6}.Release|x86.ActiveCfg = Release|x64
		{8C7A0630-6197-48C8-9D13-21CAEDA0A9FB}.Debug|x64.ActiveCfg = Debug|x64
		{8C7A0630-6197-48C8-9D13-21CAEDA0A9FB}.Debug|x64.Build.0 = Debug|x64
		{8C7A0630-6197-48C8-9D13-21CAEDA0A9FB}.Debug|x86.ActiveCfg = Debug|x64
		{8C7A0630-6197-48C8-9D13-21CAEDA0A9FB}.PseudoDebug|x64.ActiveCfg = Debug|x64
		{8C7A0630-6197-48C8-9D13-21CAEDA0A9FB}.PseudoDebug|x86.ActiveCfg = Release|x64
		{8C7A0630-6197-48C8-9D13-21CAEDA0A9FB}.Release|x64.ActiveCfg = Release|x64
		{8C7A0630-6197-48C8-9D13-21CAEDA0A9FB}.Release|x64.Build.0 = Release|x64
		{8C7A0630-6197-48C8-9D13-21CAEDA0A9FB}.Release|x86.ActiveCfg = Release|x64
		{F797EED0-4168-4B0A-956A-465B64CD4FCC}.Debug|x64.ActiveCfg = Debug|x64
		{F797EED0-4168-4B0A-956A-465B64CD4FCC}.Debug|x64.Build.0 = Debug|x64
		{F797EED0-4168-4B0A-956A-465B64CD4FCC}.Debug|x86.ActiveCfg = Debug|x64
		{F797EED0-4168-4B0A-956A-465B64CD4FCC}.PseudoDebug|x64.ActiveCfg = Debug|x64
		{F797EED0-4168-4B0A-956A-465B64CD4FCC}.PseudoDebug|x86.ActiveCfg = Release|x64
		{F797EED0-4168-4B0A-956A-465B64CD4FCC}.Release|x64.ActiveCfg = Release|x64
		{F797EED0-4168-4B0A-956A-465B64CD4FCC}.Release|x64.Build.0 = Release|x64
		{F797EED0-4168-4B0A-956A-465B64CD4FCC}.Release|x86.ActiveCfg = Release|x64
		{D9106855-428A-428F-9588-9076DE1A1321}.Debug|x64.ActiveCfg = Debug|x64
		{D9106855-428A-428F-9588-9076DE1A1321}.Debug|x64.Build.0 = Debug|x64
		{D9106855-428A-428F-9588-9076DE1A1321}.Debug|x86.ActiveCfg = Debug|x64
		{D9106855-428A-428F-9588-9076DE1A1321}.PseudoDebug|x64.ActiveCfg = Debug|x64
		{D9106855-428A-428F-9588-9076DE1A1321}.PseudoDebug|x64.Build.0 = Debug|x64
		{D9106855-428A-428F-9588-9076DE1A1321}.PseudoDebug|x64.Deploy.0 = Debug|x64
		{D9106855-428A-428F-9588-9076DE1A1321}.PseudoDebug|x86.ActiveCfg = Release|x64
		{D9106855-428A-428F-9588-9076DE1A1321}.PseudoDebug|x86.Build.0 = Release|x64
		{D9106855-428A-428F-9588-9076DE1A1321}.PseudoDebug|x86.Deploy.0 = Release|x64
		{D9106855-428A-428F-9588-9076DE1A1321}.Release|x64.ActiveCfg = Release|x64
		{D9106855-428A-428F-9588-9076DE1A1321}.Release|x64.Build.0 = Release|x64
		{D9106855-428A-428F-9588-9076DE1A1321}.Release|x86.ActiveCfg = Release|x64
		{9996042C-BA07-4F6F-88EF-D9C304B40A7D}.Debug|x64.ActiveCfg = Debug|x64
		{9996042C-BA07-4F6F-88EF-D9C304B40A7D}.Debug|x64.Build.0 = Debug|x64
		{9996042C-BA07-4F6F-88EF-D9C304B40A7D}.Debug|x86.ActiveCfg = Debug|x64
		{9996042C-BA07-4F6F-88EF-D9C304B40A7D}.PseudoDebug|x64.ActiveCfg = Debug|x64
		{9996042C-BA07-4F6F-88EF-D9C304B40A7D}.PseudoDebug|x86.ActiveCfg = Release|x64
		{9996042C-BA07-4F6F-88EF-D9C304B40A7D}.Release|x64.ActiveCfg = Release|x64
		{9996042C-BA07-4F6F-88EF-D9C304B40A7D}.Release|x64.Build.0 = Release|x64
		{9996042C-BA07-4F6F-88EF-D9C304B40A7D}.Release|x86.ActiveCfg = Release|x64
		{F24371C6-7DD7-4208-B6D4-D652F0DE434A}.Debug|x64.ActiveCfg = Debug|x64
		{F24371C6-7DD7-4208-B6D4-D652F0DE434A}.Debug|x64.Build.0 = Debug|x64
		{F24371C6-7DD7-4208-B6D4-D652F0DE434A}.Debug|x86.ActiveCfg = Debug|x64
		{F24371C6-7DD7-4208-B6D4-D652F0DE434A}.PseudoDebug|x64.ActiveCfg = Debug|x64
		{F24371C6-7DD7-4208-B6D4-D652F0DE434A}.PseudoDebug|x86.ActiveCfg = Release|x64
		{F24371C6-7DD7-4208-B6D4-D652F0DE434A}.Release|x64.ActiveCfg = Release|x64
		{F24371C6-7DD7-4208-B6D4-D652F0DE434A}.Release|x64.Build.0 = Release|x64
		{F24371C6-7DD7-4208-B6D4-D652F0DE434A}.Release|x86.ActiveCfg = Release|x64
		{4128DEDE-8A8A-40A3-9DC4-87918DCE1E18}.Debug|x64.ActiveCfg = Debug|x64
		{4128DEDE-8A8A-40A3-9DC4-87918DCE1E18}.Debug|x64.Build.0 = Debug|x64
		{4128DEDE-8A8A-40A3-9DC4-87918DCE1E18}.Debug|x86.ActiveCfg = Debug|x64
		{4128DEDE-8A8A-40A3-9DC4-87918DCE1E18}.PseudoDebug|x64.ActiveCfg = Debug|x64
		{4128DEDE-8A8A-40A3-9DC4-87918DCE1E18}.PseudoDebug|x64.Build.0 = Debug|x64
		{4128DEDE-8A8A-40A3-9DC4-87918DCE1E18}.PseudoDebug|x64.Deploy.0 = Debug|x64
		{4128DEDE-8A8A-40A3-9DC4-87918DCE1E18}.PseudoDebug|x86.ActiveCfg = Release|x64
		{4128DEDE-8A8A-40A3-9DC4-87918DCE1E18}.PseudoDebug|x86.Build.0 = Release|x64
		{4128DEDE-8A8A-40A3-9DC4-87918DCE1E18}.PseudoDebug|x86.Deploy.0 = Release|x64
		{4128DEDE-8A8A-40A3-9DC4-87918DCE1E18}.Release|x64.ActiveCfg = Release|x64
		{4128DEDE-8A8A-40A3-9DC4-87918DCE1E18}.Release|x64.Build.0 = Release|x64
		{4128DEDE-8A8A-40A3-9DC4-87918DCE1E18}.Release|x86.ActiveCfg = Release|x64
		{61FB7653-1897-45E1-9146-894D68963107}.Debug|x64.ActiveCfg = Debug|x64
		{61FB7653-1897-45E1-9146-894D68963107}.Debug|x64.Build.0 = Debug|x64
		{61FB7653-1897-45E1-9146-894D68963107}.Debug|x86.ActiveCfg = Debug|x64
		{61FB7653-1897-45E1-9146-894D68963107}.PseudoDebug|x64.ActiveCfg = Debug|x64
		{61FB7653-1897-45E1-9146-894D68963107}.PseudoDebug|x86.ActiveCfg = Release|x64
		{61FB7653-1897-45E1-9146-894D68963107}.Release|x64.ActiveCfg = Release|x64
		{61FB7653-1897-45E1-9146-894D68963107}.Release|x64.Build.0 = Release|x64
		{61FB7653-1897-45E1-9146-894D68963107}.Release|x86.ActiveCfg = Release|x64
		{4F1C6A55-6481-4E5F-9E08-05BFAB531E0C}.Debug|x64.ActiveCfg = Debug|x64
		{4F1C6A55-6481-4E5F-9E08-05BFAB531E0C}.Debug|x64.Build.0 = Debug|x64
		{4F1C6A55-6481-4E5F-9E08-05BFAB531E0C}.Debug|x86.ActiveCfg = Debug|x64
		{4F1C6A55-6481-4E5F-9E08-05BFAB531E0C}.PseudoDebug|x64.ActiveCfg = Debug|x64
		{4F1C6A55-6481-4E5F-9E08-05BFAB531E0C}.PseudoDebug|x64.Build.0 = Debug|x64
		{4F1C6A55-6481-4E5F-9E08-05BFAB531E0C}.PseudoDebug|x86.ActiveCfg = Release|x64
		{4F1C6A55-6481-4E5F-9E08-05BFAB531E0C}.PseudoDebug|x86.Build.0 = Release|x64
		{4F1C6A55-6481-4E5F-9E08-05BFAB531E0C}.Release|x64.ActiveCfg = Release|x64
		{4F1C6A55-6481-4E5F-9E08-05BFAB531E0C}.Release|x64.Build.0 = Release|x64
		{4F1C6A55-6481-4E5F-9E08-05BFAB531E0C}.Release|x86.ActiveCfg = Release|x64
		{702A8DAD-BFBA-4A45-A1A9-AAACE4AFDFF7}.Debug|x64.ActiveCfg = Debug|x64
		{702A8DAD-BFBA-4A45-A1A9-AAACE4AFDFF7}.Debug|x64.Build.0 = Debug|x64
		{702A8DAD-BFBA-4A45-A1A9-AAACE4AFDFF7}.Debug|x86.ActiveCfg = Release|x64
		{702A8DAD-BFBA-4A45-A1A9-AAACE4AFDFF7}.Debug|x86.Build.0 = Release|x64
		{702A8DAD-BFBA-4A45-A1A9-AAACE4AFDFF7}.Debug|x86.Deploy.0 = Release|x64
		{702A8DAD-BFBA-4A45-A1A9-AAACE4AFDFF7}.PseudoDebug|x64.ActiveCfg = Debug|x64
		{702A8DAD-BFBA-4A45-A1A9-AAACE4AFDFF7}.PseudoDebug|x64.Build.0 = Debug|x64
		{702A8DAD-BFBA-4A45-A1A9-AAACE4AFDFF7}.PseudoDebug|x86.ActiveCfg = Debug|x64
		{702A8DAD-BFBA-4A45-A1A9-AAACE4AFDFF7}.PseudoDebug|x86.Build.0 = Debug|x64
		{702A8DAD-BFBA-4A45-A1A9-AAACE4AFDFF7}.Release|x64.ActiveCfg = Release|x64
		{702A8DAD-BFBA-4A45-A1A9-AAACE4AFDFF7}.Release|x64.Build.0 = Release|x64
		{702A8DAD-BFBA-4A45-A1A9-AAACE4AFDFF7}.Release|x86.ActiveCfg = Release|x64
		{73B185C2-4058-4500-A12C-E2D7F917FA79}.Debug|x64.ActiveCfg = Debug|x64
		{73B185C2-4058-4500-A12C-E2D7F917FA79}.Debug|x64.Build.0 = Debug|x64
		{73B185C2-4058-4500-A12C-E2D7F917FA79}.Debug|x86.ActiveCfg = Debug|x64
		{73B185C2-4058-4500-A12C-E2D7F917FA79}.PseudoDebug|x64.ActiveCfg = Debug|x64
		{73B185C2-4058-4500-A12C-E2D7F917FA79}.PseudoDebug|x64.Build.0 = Debug|x64
		{73B185C2-4058-4500-A12C-E2D7F917FA79}.PseudoDebug|x86.ActiveCfg = Release|x64
		{73B185C2-4058-4500-A12C-E2D7F917FA79}.PseudoDebug|x86.Build.0 = Release|x64
		{73B185C2-4058-4500-A12C-E2D7F917FA79}.Release|x64.ActiveCfg = Release|x64
		{73B185C2-4058-4500-A12C-E2D7F917FA79}.Release|x64.Build.0 = Release|x64
		{73B185C2-4058-4500-A12C-E2D7F917FA79}.Release|x86.ActiveCfg = Release|x64
		{3CCC067E-989F-4E33-BABA-6FC75FBAC201}.Debug|x64.ActiveCfg = Debug|x64
		{3CCC067E-989F-4E33-BABA-6FC75FBAC201}.Debug|x64.Build.0 = Debug|x64
		{3CCC067E-989F-4E33-BABA-6FC75FBAC201}.Debug|x86.ActiveCfg = Debug|x64
		{3CCC067E-989F-4E33-BABA-6FC75FBAC201}.PseudoDebug|x64.ActiveCfg = Debug|x64
		{3CCC067E-989F-4E33-BABA-6FC75FBAC201}.PseudoDebug|x64.Build.0 = Debug|x64
		{3CCC067E-989F-4E33-BABA-6FC75FBAC201}.PseudoDebug|x86.ActiveCfg = Release|x64
		{3CCC067E-989F-4E33-BABA-6FC75FBAC201}.PseudoDebug|x86.Build.0 = Release|x64
		{3CCC067E-989F-4E33-BABA-6FC75FBAC201}.Release|x64.ActiveCfg = Release|x64
		{3CCC067E-989F-4E33-BABA-6FC75FBAC201}.Release|x64.Build.0 = Release|x64
		{3CCC067E-989F-4E33-BABA-6FC75FBAC201}.Release|x86.ActiveCfg = Release|x64
		{43471328-4335-4429-9F06-B0AEA711D31B}.Debug|x64.ActiveCfg = Debug|x64
		{43471328-4335-4429-9F06-B0AEA711D31B}.Debug|x64.Build.0 = Debug|x64
		{43471328-4335-4429-9F06-B0AEA711D31B}.Debug|x86.ActiveCfg = Debug|x64
		{43471328-4335-4429-9F06-B0AEA711D31B}.PseudoDebug|x64.ActiveCfg = Debug|x64
		{43471328-4335-4429-9F06-B0AEA711D31B}.PseudoDebug|x64.Build.0 = Debug|x64
		{43471328-4335-4429-9F06-B0AEA711D31B}.PseudoDebug|x86.ActiveCfg = Release|x64
		{43471328-4335-4429-9F06-B0AEA711D31B}.PseudoDebug|x86.Build.0 = Release|x64
		{43471328-4335-4429-9F06-B0AEA711D31B}.Release|x64.ActiveCfg = Release|x64
		{43471328-4335-4429-9F06-B0AEA711D31B}.Release|x64.Build.0 = Release|x64
		{43471328-4335-4429-9F06-B0AEA711D31B}.Release|x86.ActiveCfg = Release|x64
		{431CF7CF-4110-4EF8-ACFD-C98C4547B1F0}.Debug|x64.ActiveCfg = Debug|x64
		{431CF7CF-4110-4EF8-ACFD-C98C4547B1F0}.Debug|x64.Build.0 = Debug|x64
		{431CF7CF-4110-4EF8-ACFD-C98C4547B1F0}.Debug|x86.ActiveCfg = Debug|x64
		{431CF7CF-4110-4EF8-ACFD-C98C4547B1F0}.PseudoDebug|x64.ActiveCfg = Debug|x64
		{431CF7CF-4110-4EF8-ACFD-C98C4547B1F0}.PseudoDebug|x64.Build.0 = Debug|x64
		{431CF7CF-4110-4EF8-ACFD-C98C4547B1F0}.PseudoDebug|x86.ActiveCfg = Release|x64
		{431CF7CF-4110-4EF8-ACFD-C98C4547B1F0}.PseudoDebug|x86.Build.0 = Release|x64
		{431CF7CF-4110-4EF8-ACFD-C98C4547B1F0}.Release|x64.ActiveCfg = Release|x64
		{431CF7CF-4110-4EF8-ACFD-C98C4547B1F0}.Release|x64.Build.0 = Release|x64
		{431CF7CF-4110-4EF8-ACFD-C98C4547B1F0}.Release|x86.ActiveCfg = Release|x64
		{FE232237-9B56-4782-86C2-7359571B5D99}.Debug|x64.ActiveCfg = Debug|x64
		{FE232237-9B56-4782-86C2-7359571B5D99}.Debug|x64.Build.0 = Debug|x64
		{FE232237-9B56-4782-86C2-7359571B5D99}.Debug|x86.ActiveCfg = Debug|x64
		{FE232237-9B56-4782-86C2-7359571B5D99}.PseudoDebug|x64.ActiveCfg = Debug|x64
		{FE232237-9B56-4782-86C2-7359571B5D99}.PseudoDebug|x64.Build.0 = Debug|x64
		{FE232237-9B56-4782-86C2-7359571B5D99}.PseudoDebug|x86.ActiveCfg = Release|x64
		{FE232237-9B56-4782-86C2-7359571B5D99}.PseudoDebug|x86.Build.0 = Release|x64
		{FE232237-9B56-4782-86C2-7359571B5D99}.Release|x64.ActiveCfg = Release|x64
		{FE232237-9B56-4782-86C2-7359571B5D99}.Release|x64.Build.0 = Release|x64
		{FE232237-9B56-4782-86C2-7359571B5D99}.Release|x86.ActiveCfg = Release|x64
	EndGlobalSection
	GlobalSection(SolutionProperties) = preSolution
		HideSolutionNode = FALSE
	EndGlobalSection
	GlobalSection(ExtensibilityGlobals) = postSolution
		SolutionGuid = {7362AFC7-5C3A-4EB0-AA20-96EEC7A8EECE}
	EndGlobalSection
EndGlobal
