
Microsoft Visual Studio Solution File, Format Version 11.00
# Visual Studio 2010
Project("{FAE04EC0-301F-11D3-BF4B-00C04F79EFBC}") = "RhinoCommon", "..\..\..\..\dotnet\RhinoCommon.csproj", "{ED38373E-290C-4BDE-ACBA-1601484E582A}"
EndProject
Project("{8BC9CEB8-8B4A-11D0-8D11-00A0C91BC942}") = "rhcommon_opennurbs", "..\..\..\..\c\rhcommon_opennurbs.vcxproj", "{A23BFC5B-4F2C-4440-B663-39DC3A094DE2}"
	ProjectSection(ProjectDependencies) = postProject
		{AA514D07-9579-4CF7-AD53-FCECC27D29AA} = {AA514D07-9579-4CF7-AD53-FCECC27D29AA}
		{4D11F62B-AA30-4657-987D-33C1F21EF2ED} = {4D11F62B-AA30-4657-987D-33C1F21EF2ED}
	EndProjectSection
EndProject
Project("{8BC9CEB8-8B4A-11D0-8D11-00A0C91BC942}") = "opennurbs_staticlib", "..\..\..\..\c\opennurbs\opennurbs_staticlib.vcxproj", "{AA514D07-9579-4CF7-AD53-FCECC27D29AA}"
EndProject
Project("{8BC9CEB8-8B4A-11D0-8D11-00A0C91BC942}") = "zlib", "..\..\..\..\c\opennurbs\zlib\zlib.vcxproj", "{4D11F62B-AA30-4657-987D-33C1F21EF2ED}"
EndProject
Project("{FAE04EC0-301F-11D3-BF4B-00C04F79EFBC}") = "localize_3dm", "localize_3dm.csproj", "{980C68E0-4FE2-4DC0-AABD-D6FEB60EB69A}"
EndProject
Global
	GlobalSection(SolutionConfigurationPlatforms) = preSolution
		Debug|Any CPU = Debug|Any CPU
		Debug|Mixed Platforms = Debug|Mixed Platforms
		Debug|Win32 = Debug|Win32
		Debug|x64 = Debug|x64
		Debug|x86 = Debug|x86
		GH_Debug|Any CPU = GH_Debug|Any CPU
		GH_Debug|Mixed Platforms = GH_Debug|Mixed Platforms
		GH_Debug|Win32 = GH_Debug|Win32
		GH_Debug|x64 = GH_Debug|x64
		GH_Debug|x86 = GH_Debug|x86
		GH_Release|Any CPU = GH_Release|Any CPU
		GH_Release|Mixed Platforms = GH_Release|Mixed Platforms
		GH_Release|Win32 = GH_Release|Win32
		GH_Release|x64 = GH_Release|x64
		GH_Release|x86 = GH_Release|x86
		Mono|Any CPU = Mono|Any CPU
		Mono|Mixed Platforms = Mono|Mixed Platforms
		Mono|Win32 = Mono|Win32
		Mono|x64 = Mono|x64
		Mono|x86 = Mono|x86
		OpenNURBS_Debug|Any CPU = OpenNURBS_Debug|Any CPU
		OpenNURBS_Debug|Mixed Platforms = OpenNURBS_Debug|Mixed Platforms
		OpenNURBS_Debug|Win32 = OpenNURBS_Debug|Win32
		OpenNURBS_Debug|x64 = OpenNURBS_Debug|x64
		OpenNURBS_Debug|x86 = OpenNURBS_Debug|x86
		OpenNURBS_Release|Any CPU = OpenNURBS_Release|Any CPU
		OpenNURBS_Release|Mixed Platforms = OpenNURBS_Release|Mixed Platforms
		OpenNURBS_Release|Win32 = OpenNURBS_Release|Win32
		OpenNURBS_Release|x64 = OpenNURBS_Release|x64
		OpenNURBS_Release|x86 = OpenNURBS_Release|x86
		Release|Any CPU = Release|Any CPU
		Release|Mixed Platforms = Release|Mixed Platforms
		Release|Win32 = Release|Win32
		Release|x64 = Release|x64
		Release|x86 = Release|x86
	EndGlobalSection
	GlobalSection(ProjectConfigurationPlatforms) = postSolution
		{ED38373E-290C-4BDE-ACBA-1601484E582A}.Debug|Any CPU.ActiveCfg = Debug|Any CPU
		{ED38373E-290C-4BDE-ACBA-1601484E582A}.Debug|Any CPU.Build.0 = Debug|Any CPU
		{ED38373E-290C-4BDE-ACBA-1601484E582A}.Debug|Mixed Platforms.ActiveCfg = OpenNURBS_Debug|Any CPU
		{ED38373E-290C-4BDE-ACBA-1601484E582A}.Debug|Mixed Platforms.Build.0 = OpenNURBS_Debug|Any CPU
		{ED38373E-290C-4BDE-ACBA-1601484E582A}.Debug|Win32.ActiveCfg = OpenNURBS_Debug|Any CPU
		{ED38373E-290C-4BDE-ACBA-1601484E582A}.Debug|Win32.Build.0 = OpenNURBS_Debug|Any CPU
		{ED38373E-290C-4BDE-ACBA-1601484E582A}.Debug|x64.ActiveCfg = Debug|Any CPU
		{ED38373E-290C-4BDE-ACBA-1601484E582A}.Debug|x86.ActiveCfg = Debug|Any CPU
		{ED38373E-290C-4BDE-ACBA-1601484E582A}.GH_Debug|Any CPU.ActiveCfg = GH_Debug|Any CPU
		{ED38373E-290C-4BDE-ACBA-1601484E582A}.GH_Debug|Any CPU.Build.0 = GH_Debug|Any CPU
		{ED38373E-290C-4BDE-ACBA-1601484E582A}.GH_Debug|Mixed Platforms.ActiveCfg = GH_Debug|Any CPU
		{ED38373E-290C-4BDE-ACBA-1601484E582A}.GH_Debug|Mixed Platforms.Build.0 = GH_Debug|Any CPU
		{ED38373E-290C-4BDE-ACBA-1601484E582A}.GH_Debug|Win32.ActiveCfg = GH_Debug|Any CPU
		{ED38373E-290C-4BDE-ACBA-1601484E582A}.GH_Debug|x64.ActiveCfg = GH_Debug|Any CPU
		{ED38373E-290C-4BDE-ACBA-1601484E582A}.GH_Debug|x86.ActiveCfg = GH_Debug|Any CPU
		{ED38373E-290C-4BDE-ACBA-1601484E582A}.GH_Release|Any CPU.ActiveCfg = GH_Release|Any CPU
		{ED38373E-290C-4BDE-ACBA-1601484E582A}.GH_Release|Any CPU.Build.0 = GH_Release|Any CPU
		{ED38373E-290C-4BDE-ACBA-1601484E582A}.GH_Release|Mixed Platforms.ActiveCfg = GH_Release|Any CPU
		{ED38373E-290C-4BDE-ACBA-1601484E582A}.GH_Release|Mixed Platforms.Build.0 = GH_Release|Any CPU
		{ED38373E-290C-4BDE-ACBA-1601484E582A}.GH_Release|Win32.ActiveCfg = GH_Release|Any CPU
		{ED38373E-290C-4BDE-ACBA-1601484E582A}.GH_Release|x64.ActiveCfg = GH_Release|Any CPU
		{ED38373E-290C-4BDE-ACBA-1601484E582A}.GH_Release|x86.ActiveCfg = GH_Release|Any CPU
		{ED38373E-290C-4BDE-ACBA-1601484E582A}.Mono|Any CPU.ActiveCfg = Mono|Any CPU
		{ED38373E-290C-4BDE-ACBA-1601484E582A}.Mono|Any CPU.Build.0 = Mono|Any CPU
		{ED38373E-290C-4BDE-ACBA-1601484E582A}.Mono|Mixed Platforms.ActiveCfg = Mono|Any CPU
		{ED38373E-290C-4BDE-ACBA-1601484E582A}.Mono|Mixed Platforms.Build.0 = Mono|Any CPU
		{ED38373E-290C-4BDE-ACBA-1601484E582A}.Mono|Win32.ActiveCfg = Mono|Any CPU
		{ED38373E-290C-4BDE-ACBA-1601484E582A}.Mono|x64.ActiveCfg = Mono|Any CPU
		{ED38373E-290C-4BDE-ACBA-1601484E582A}.Mono|x86.ActiveCfg = Mono|Any CPU
		{ED38373E-290C-4BDE-ACBA-1601484E582A}.OpenNURBS_Debug|Any CPU.ActiveCfg = OpenNURBS_Debug|Any CPU
		{ED38373E-290C-4BDE-ACBA-1601484E582A}.OpenNURBS_Debug|Any CPU.Build.0 = OpenNURBS_Debug|Any CPU
		{ED38373E-290C-4BDE-ACBA-1601484E582A}.OpenNURBS_Debug|Mixed Platforms.ActiveCfg = OpenNURBS_Debug|Any CPU
		{ED38373E-290C-4BDE-ACBA-1601484E582A}.OpenNURBS_Debug|Mixed Platforms.Build.0 = OpenNURBS_Debug|Any CPU
		{ED38373E-290C-4BDE-ACBA-1601484E582A}.OpenNURBS_Debug|Win32.ActiveCfg = OpenNURBS_Debug|Any CPU
		{ED38373E-290C-4BDE-ACBA-1601484E582A}.OpenNURBS_Debug|Win32.Build.0 = OpenNURBS_Debug|Any CPU
		{ED38373E-290C-4BDE-ACBA-1601484E582A}.OpenNURBS_Debug|x64.ActiveCfg = OpenNURBS_Debug|Any CPU
		{ED38373E-290C-4BDE-ACBA-1601484E582A}.OpenNURBS_Debug|x86.ActiveCfg = OpenNURBS_Debug|Any CPU
		{ED38373E-290C-4BDE-ACBA-1601484E582A}.OpenNURBS_Release|Any CPU.ActiveCfg = OpenNURBS_Release|Any CPU
		{ED38373E-290C-4BDE-ACBA-1601484E582A}.OpenNURBS_Release|Any CPU.Build.0 = OpenNURBS_Release|Any CPU
		{ED38373E-290C-4BDE-ACBA-1601484E582A}.OpenNURBS_Release|Mixed Platforms.ActiveCfg = OpenNURBS_Release|Any CPU
		{ED38373E-290C-4BDE-ACBA-1601484E582A}.OpenNURBS_Release|Mixed Platforms.Build.0 = OpenNURBS_Release|Any CPU
		{ED38373E-290C-4BDE-ACBA-1601484E582A}.OpenNURBS_Release|Win32.ActiveCfg = OpenNURBS_Release|Any CPU
		{ED38373E-290C-4BDE-ACBA-1601484E582A}.OpenNURBS_Release|Win32.Build.0 = OpenNURBS_Release|Any CPU
		{ED38373E-290C-4BDE-ACBA-1601484E582A}.OpenNURBS_Release|x64.ActiveCfg = OpenNURBS_Release|Any CPU
		{ED38373E-290C-4BDE-ACBA-1601484E582A}.OpenNURBS_Release|x86.ActiveCfg = OpenNURBS_Release|Any CPU
		{ED38373E-290C-4BDE-ACBA-1601484E582A}.Release|Any CPU.ActiveCfg = Release|Any CPU
		{ED38373E-290C-4BDE-ACBA-1601484E582A}.Release|Any CPU.Build.0 = Release|Any CPU
		{ED38373E-290C-4BDE-ACBA-1601484E582A}.Release|Mixed Platforms.ActiveCfg = OpenNURBS_Release|Any CPU
		{ED38373E-290C-4BDE-ACBA-1601484E582A}.Release|Mixed Platforms.Build.0 = OpenNURBS_Release|Any CPU
		{ED38373E-290C-4BDE-ACBA-1601484E582A}.Release|Win32.ActiveCfg = Release|Any CPU
		{ED38373E-290C-4BDE-ACBA-1601484E582A}.Release|Win32.Build.0 = Release|Any CPU
		{ED38373E-290C-4BDE-ACBA-1601484E582A}.Release|x64.ActiveCfg = Release|Any CPU
		{ED38373E-290C-4BDE-ACBA-1601484E582A}.Release|x86.ActiveCfg = Release|Any CPU
		{A23BFC5B-4F2C-4440-B663-39DC3A094DE2}.Debug|Any CPU.ActiveCfg = Debug|x64
		{A23BFC5B-4F2C-4440-B663-39DC3A094DE2}.Debug|Mixed Platforms.ActiveCfg = Debug|Win32
		{A23BFC5B-4F2C-4440-B663-39DC3A094DE2}.Debug|Mixed Platforms.Build.0 = Debug|Win32
		{A23BFC5B-4F2C-4440-B663-39DC3A094DE2}.Debug|Win32.ActiveCfg = Debug|Win32
		{A23BFC5B-4F2C-4440-B663-39DC3A094DE2}.Debug|Win32.Build.0 = Debug|Win32
		{A23BFC5B-4F2C-4440-B663-39DC3A094DE2}.Debug|x64.ActiveCfg = Debug|x64
		{A23BFC5B-4F2C-4440-B663-39DC3A094DE2}.Debug|x64.Build.0 = Debug|x64
		{A23BFC5B-4F2C-4440-B663-39DC3A094DE2}.Debug|x86.ActiveCfg = Debug|x64
		{A23BFC5B-4F2C-4440-B663-39DC3A094DE2}.GH_Debug|Any CPU.ActiveCfg = Debug|x64
		{A23BFC5B-4F2C-4440-B663-39DC3A094DE2}.GH_Debug|Mixed Platforms.ActiveCfg = Debug|x64
		{A23BFC5B-4F2C-4440-B663-39DC3A094DE2}.GH_Debug|Mixed Platforms.Build.0 = Debug|x64
		{A23BFC5B-4F2C-4440-B663-39DC3A094DE2}.GH_Debug|Win32.ActiveCfg = Debug|Win32
		{A23BFC5B-4F2C-4440-B663-39DC3A094DE2}.GH_Debug|Win32.Build.0 = Debug|Win32
		{A23BFC5B-4F2C-4440-B663-39DC3A094DE2}.GH_Debug|x64.ActiveCfg = Debug|x64
		{A23BFC5B-4F2C-4440-B663-39DC3A094DE2}.GH_Debug|x64.Build.0 = Debug|x64
		{A23BFC5B-4F2C-4440-B663-39DC3A094DE2}.GH_Debug|x86.ActiveCfg = Debug|x64
		{A23BFC5B-4F2C-4440-B663-39DC3A094DE2}.GH_Release|Any CPU.ActiveCfg = Release|x64
		{A23BFC5B-4F2C-4440-B663-39DC3A094DE2}.GH_Release|Mixed Platforms.ActiveCfg = Release|x64
		{A23BFC5B-4F2C-4440-B663-39DC3A094DE2}.GH_Release|Mixed Platforms.Build.0 = Release|x64
		{A23BFC5B-4F2C-4440-B663-39DC3A094DE2}.GH_Release|Win32.ActiveCfg = Release|Win32
		{A23BFC5B-4F2C-4440-B663-39DC3A094DE2}.GH_Release|Win32.Build.0 = Release|Win32
		{A23BFC5B-4F2C-4440-B663-39DC3A094DE2}.GH_Release|x64.ActiveCfg = Release|x64
		{A23BFC5B-4F2C-4440-B663-39DC3A094DE2}.GH_Release|x64.Build.0 = Release|x64
		{A23BFC5B-4F2C-4440-B663-39DC3A094DE2}.GH_Release|x86.ActiveCfg = Release|x64
		{A23BFC5B-4F2C-4440-B663-39DC3A094DE2}.Mono|Any CPU.ActiveCfg = Release|x64
		{A23BFC5B-4F2C-4440-B663-39DC3A094DE2}.Mono|Mixed Platforms.ActiveCfg = Release|x64
		{A23BFC5B-4F2C-4440-B663-39DC3A094DE2}.Mono|Mixed Platforms.Build.0 = Release|x64
		{A23BFC5B-4F2C-4440-B663-39DC3A094DE2}.Mono|Win32.ActiveCfg = Release|x64
		{A23BFC5B-4F2C-4440-B663-39DC3A094DE2}.Mono|x64.ActiveCfg = Release|x64
		{A23BFC5B-4F2C-4440-B663-39DC3A094DE2}.Mono|x64.Build.0 = Release|x64
		{A23BFC5B-4F2C-4440-B663-39DC3A094DE2}.Mono|x86.ActiveCfg = Release|x64
		{A23BFC5B-4F2C-4440-B663-39DC3A094DE2}.OpenNURBS_Debug|Any CPU.ActiveCfg = Debug|x64
		{A23BFC5B-4F2C-4440-B663-39DC3A094DE2}.OpenNURBS_Debug|Mixed Platforms.ActiveCfg = Debug|x64
		{A23BFC5B-4F2C-4440-B663-39DC3A094DE2}.OpenNURBS_Debug|Mixed Platforms.Build.0 = Debug|x64
		{A23BFC5B-4F2C-4440-B663-39DC3A094DE2}.OpenNURBS_Debug|Win32.ActiveCfg = Debug|Win32
		{A23BFC5B-4F2C-4440-B663-39DC3A094DE2}.OpenNURBS_Debug|Win32.Build.0 = Debug|Win32
		{A23BFC5B-4F2C-4440-B663-39DC3A094DE2}.OpenNURBS_Debug|x64.ActiveCfg = Debug|x64
		{A23BFC5B-4F2C-4440-B663-39DC3A094DE2}.OpenNURBS_Debug|x64.Build.0 = Debug|x64
		{A23BFC5B-4F2C-4440-B663-39DC3A094DE2}.OpenNURBS_Debug|x86.ActiveCfg = Debug|x64
		{A23BFC5B-4F2C-4440-B663-39DC3A094DE2}.OpenNURBS_Release|Any CPU.ActiveCfg = Release|x64
		{A23BFC5B-4F2C-4440-B663-39DC3A094DE2}.OpenNURBS_Release|Mixed Platforms.ActiveCfg = Release|x64
		{A23BFC5B-4F2C-4440-B663-39DC3A094DE2}.OpenNURBS_Release|Mixed Platforms.Build.0 = Release|x64
		{A23BFC5B-4F2C-4440-B663-39DC3A094DE2}.OpenNURBS_Release|Win32.ActiveCfg = Release|Win32
		{A23BFC5B-4F2C-4440-B663-39DC3A094DE2}.OpenNURBS_Release|Win32.Build.0 = Release|Win32
		{A23BFC5B-4F2C-4440-B663-39DC3A094DE2}.OpenNURBS_Release|x64.ActiveCfg = Release|x64
		{A23BFC5B-4F2C-4440-B663-39DC3A094DE2}.OpenNURBS_Release|x64.Build.0 = Release|x64
		{A23BFC5B-4F2C-4440-B663-39DC3A094DE2}.OpenNURBS_Release|x86.ActiveCfg = Release|x64
		{A23BFC5B-4F2C-4440-B663-39DC3A094DE2}.Release|Any CPU.ActiveCfg = Release|x64
		{A23BFC5B-4F2C-4440-B663-39DC3A094DE2}.Release|Mixed Platforms.ActiveCfg = Release|Win32
		{A23BFC5B-4F2C-4440-B663-39DC3A094DE2}.Release|Mixed Platforms.Build.0 = Release|Win32
		{A23BFC5B-4F2C-4440-B663-39DC3A094DE2}.Release|Win32.ActiveCfg = Release|Win32
		{A23BFC5B-4F2C-4440-B663-39DC3A094DE2}.Release|Win32.Build.0 = Release|Win32
		{A23BFC5B-4F2C-4440-B663-39DC3A094DE2}.Release|x64.ActiveCfg = Release|x64
		{A23BFC5B-4F2C-4440-B663-39DC3A094DE2}.Release|x64.Build.0 = Release|x64
		{A23BFC5B-4F2C-4440-B663-39DC3A094DE2}.Release|x86.ActiveCfg = Release|x64
		{AA514D07-9579-4CF7-AD53-FCECC27D29AA}.Debug|Any CPU.ActiveCfg = Debug|x64
		{AA514D07-9579-4CF7-AD53-FCECC27D29AA}.Debug|Mixed Platforms.ActiveCfg = Debug|Win32
		{AA514D07-9579-4CF7-AD53-FCECC27D29AA}.Debug|Mixed Platforms.Build.0 = Debug|Win32
		{AA514D07-9579-4CF7-AD53-FCECC27D29AA}.Debug|Win32.ActiveCfg = Debug|Win32
		{AA514D07-9579-4CF7-AD53-FCECC27D29AA}.Debug|Win32.Build.0 = Debug|Win32
		{AA514D07-9579-4CF7-AD53-FCECC27D29AA}.Debug|x64.ActiveCfg = Debug|x64
		{AA514D07-9579-4CF7-AD53-FCECC27D29AA}.Debug|x64.Build.0 = Debug|x64
		{AA514D07-9579-4CF7-AD53-FCECC27D29AA}.Debug|x86.ActiveCfg = Debug|x64
		{AA514D07-9579-4CF7-AD53-FCECC27D29AA}.GH_Debug|Any CPU.ActiveCfg = Debug|x64
		{AA514D07-9579-4CF7-AD53-FCECC27D29AA}.GH_Debug|Mixed Platforms.ActiveCfg = Debug|x64
		{AA514D07-9579-4CF7-AD53-FCECC27D29AA}.GH_Debug|Mixed Platforms.Build.0 = Debug|x64
		{AA514D07-9579-4CF7-AD53-FCECC27D29AA}.GH_Debug|Win32.ActiveCfg = Debug|Win32
		{AA514D07-9579-4CF7-AD53-FCECC27D29AA}.GH_Debug|Win32.Build.0 = Debug|Win32
		{AA514D07-9579-4CF7-AD53-FCECC27D29AA}.GH_Debug|x64.ActiveCfg = Debug|x64
		{AA514D07-9579-4CF7-AD53-FCECC27D29AA}.GH_Debug|x64.Build.0 = Debug|x64
		{AA514D07-9579-4CF7-AD53-FCECC27D29AA}.GH_Debug|x86.ActiveCfg = Debug|x64
		{AA514D07-9579-4CF7-AD53-FCECC27D29AA}.GH_Release|Any CPU.ActiveCfg = Release|x64
		{AA514D07-9579-4CF7-AD53-FCECC27D29AA}.GH_Release|Mixed Platforms.ActiveCfg = Release|x64
		{AA514D07-9579-4CF7-AD53-FCECC27D29AA}.GH_Release|Mixed Platforms.Build.0 = Release|x64
		{AA514D07-9579-4CF7-AD53-FCECC27D29AA}.GH_Release|Win32.ActiveCfg = Release|Win32
		{AA514D07-9579-4CF7-AD53-FCECC27D29AA}.GH_Release|Win32.Build.0 = Release|Win32
		{AA514D07-9579-4CF7-AD53-FCECC27D29AA}.GH_Release|x64.ActiveCfg = Release|x64
		{AA514D07-9579-4CF7-AD53-FCECC27D29AA}.GH_Release|x64.Build.0 = Release|x64
		{AA514D07-9579-4CF7-AD53-FCECC27D29AA}.GH_Release|x86.ActiveCfg = Release|x64
		{AA514D07-9579-4CF7-AD53-FCECC27D29AA}.Mono|Any CPU.ActiveCfg = Release|x64
		{AA514D07-9579-4CF7-AD53-FCECC27D29AA}.Mono|Mixed Platforms.ActiveCfg = Release|x64
		{AA514D07-9579-4CF7-AD53-FCECC27D29AA}.Mono|Mixed Platforms.Build.0 = Release|x64
		{AA514D07-9579-4CF7-AD53-FCECC27D29AA}.Mono|Win32.ActiveCfg = Release|x64
		{AA514D07-9579-4CF7-AD53-FCECC27D29AA}.Mono|x64.ActiveCfg = Release|x64
		{AA514D07-9579-4CF7-AD53-FCECC27D29AA}.Mono|x64.Build.0 = Release|x64
		{AA514D07-9579-4CF7-AD53-FCECC27D29AA}.Mono|x86.ActiveCfg = Release|x64
		{AA514D07-9579-4CF7-AD53-FCECC27D29AA}.OpenNURBS_Debug|Any CPU.ActiveCfg = Debug|x64
		{AA514D07-9579-4CF7-AD53-FCECC27D29AA}.OpenNURBS_Debug|Mixed Platforms.ActiveCfg = Debug|x64
		{AA514D07-9579-4CF7-AD53-FCECC27D29AA}.OpenNURBS_Debug|Mixed Platforms.Build.0 = Debug|x64
		{AA514D07-9579-4CF7-AD53-FCECC27D29AA}.OpenNURBS_Debug|Win32.ActiveCfg = Debug|Win32
		{AA514D07-9579-4CF7-AD53-FCECC27D29AA}.OpenNURBS_Debug|Win32.Build.0 = Debug|Win32
		{AA514D07-9579-4CF7-AD53-FCECC27D29AA}.OpenNURBS_Debug|x64.ActiveCfg = Debug|x64
		{AA514D07-9579-4CF7-AD53-FCECC27D29AA}.OpenNURBS_Debug|x64.Build.0 = Debug|x64
		{AA514D07-9579-4CF7-AD53-FCECC27D29AA}.OpenNURBS_Debug|x86.ActiveCfg = Debug|x64
		{AA514D07-9579-4CF7-AD53-FCECC27D29AA}.OpenNURBS_Release|Any CPU.ActiveCfg = Release|x64
		{AA514D07-9579-4CF7-AD53-FCECC27D29AA}.OpenNURBS_Release|Mixed Platforms.ActiveCfg = Release|x64
		{AA514D07-9579-4CF7-AD53-FCECC27D29AA}.OpenNURBS_Release|Mixed Platforms.Build.0 = Release|x64
		{AA514D07-9579-4CF7-AD53-FCECC27D29AA}.OpenNURBS_Release|Win32.ActiveCfg = Release|Win32
		{AA514D07-9579-4CF7-AD53-FCECC27D29AA}.OpenNURBS_Release|Win32.Build.0 = Release|Win32
		{AA514D07-9579-4CF7-AD53-FCECC27D29AA}.OpenNURBS_Release|x64.ActiveCfg = Release|x64
		{AA514D07-9579-4CF7-AD53-FCECC27D29AA}.OpenNURBS_Release|x64.Build.0 = Release|x64
		{AA514D07-9579-4CF7-AD53-FCECC27D29AA}.OpenNURBS_Release|x86.ActiveCfg = Release|x64
		{AA514D07-9579-4CF7-AD53-FCECC27D29AA}.Release|Any CPU.ActiveCfg = Release|x64
		{AA514D07-9579-4CF7-AD53-FCECC27D29AA}.Release|Mixed Platforms.ActiveCfg = Release|Win32
		{AA514D07-9579-4CF7-AD53-FCECC27D29AA}.Release|Mixed Platforms.Build.0 = Release|Win32
		{AA514D07-9579-4CF7-AD53-FCECC27D29AA}.Release|Win32.ActiveCfg = Release|Win32
		{AA514D07-9579-4CF7-AD53-FCECC27D29AA}.Release|Win32.Build.0 = Release|Win32
		{AA514D07-9579-4CF7-AD53-FCECC27D29AA}.Release|x64.ActiveCfg = Release|x64
		{AA514D07-9579-4CF7-AD53-FCECC27D29AA}.Release|x64.Build.0 = Release|x64
		{AA514D07-9579-4CF7-AD53-FCECC27D29AA}.Release|x86.ActiveCfg = Release|x64
		{4D11F62B-AA30-4657-987D-33C1F21EF2ED}.Debug|Any CPU.ActiveCfg = Debug|x64
		{4D11F62B-AA30-4657-987D-33C1F21EF2ED}.Debug|Mixed Platforms.ActiveCfg = Debug|Win32
		{4D11F62B-AA30-4657-987D-33C1F21EF2ED}.Debug|Mixed Platforms.Build.0 = Debug|Win32
		{4D11F62B-AA30-4657-987D-33C1F21EF2ED}.Debug|Win32.ActiveCfg = Debug|Win32
		{4D11F62B-AA30-4657-987D-33C1F21EF2ED}.Debug|Win32.Build.0 = Debug|Win32
		{4D11F62B-AA30-4657-987D-33C1F21EF2ED}.Debug|x64.ActiveCfg = Debug|x64
		{4D11F62B-AA30-4657-987D-33C1F21EF2ED}.Debug|x64.Build.0 = Debug|x64
		{4D11F62B-AA30-4657-987D-33C1F21EF2ED}.Debug|x86.ActiveCfg = Debug|x64
		{4D11F62B-AA30-4657-987D-33C1F21EF2ED}.GH_Debug|Any CPU.ActiveCfg = Debug|x64
		{4D11F62B-AA30-4657-987D-33C1F21EF2ED}.GH_Debug|Mixed Platforms.ActiveCfg = Debug|x64
		{4D11F62B-AA30-4657-987D-33C1F21EF2ED}.GH_Debug|Mixed Platforms.Build.0 = Debug|x64
		{4D11F62B-AA30-4657-987D-33C1F21EF2ED}.GH_Debug|Win32.ActiveCfg = Debug|Win32
		{4D11F62B-AA30-4657-987D-33C1F21EF2ED}.GH_Debug|Win32.Build.0 = Debug|Win32
		{4D11F62B-AA30-4657-987D-33C1F21EF2ED}.GH_Debug|x64.ActiveCfg = Debug|x64
		{4D11F62B-AA30-4657-987D-33C1F21EF2ED}.GH_Debug|x64.Build.0 = Debug|x64
		{4D11F62B-AA30-4657-987D-33C1F21EF2ED}.GH_Debug|x86.ActiveCfg = Debug|x64
		{4D11F62B-AA30-4657-987D-33C1F21EF2ED}.GH_Release|Any CPU.ActiveCfg = Release|x64
		{4D11F62B-AA30-4657-987D-33C1F21EF2ED}.GH_Release|Mixed Platforms.ActiveCfg = Release|x64
		{4D11F62B-AA30-4657-987D-33C1F21EF2ED}.GH_Release|Mixed Platforms.Build.0 = Release|x64
		{4D11F62B-AA30-4657-987D-33C1F21EF2ED}.GH_Release|Win32.ActiveCfg = Release|Win32
		{4D11F62B-AA30-4657-987D-33C1F21EF2ED}.GH_Release|Win32.Build.0 = Release|Win32
		{4D11F62B-AA30-4657-987D-33C1F21EF2ED}.GH_Release|x64.ActiveCfg = Release|x64
		{4D11F62B-AA30-4657-987D-33C1F21EF2ED}.GH_Release|x64.Build.0 = Release|x64
		{4D11F62B-AA30-4657-987D-33C1F21EF2ED}.GH_Release|x86.ActiveCfg = Release|x64
		{4D11F62B-AA30-4657-987D-33C1F21EF2ED}.Mono|Any CPU.ActiveCfg = Release|x64
		{4D11F62B-AA30-4657-987D-33C1F21EF2ED}.Mono|Mixed Platforms.ActiveCfg = Release|x64
		{4D11F62B-AA30-4657-987D-33C1F21EF2ED}.Mono|Mixed Platforms.Build.0 = Release|x64
		{4D11F62B-AA30-4657-987D-33C1F21EF2ED}.Mono|Win32.ActiveCfg = Release|x64
		{4D11F62B-AA30-4657-987D-33C1F21EF2ED}.Mono|x64.ActiveCfg = Release|x64
		{4D11F62B-AA30-4657-987D-33C1F21EF2ED}.Mono|x64.Build.0 = Release|x64
		{4D11F62B-AA30-4657-987D-33C1F21EF2ED}.Mono|x86.ActiveCfg = Release|x64
		{4D11F62B-AA30-4657-987D-33C1F21EF2ED}.OpenNURBS_Debug|Any CPU.ActiveCfg = Debug|x64
		{4D11F62B-AA30-4657-987D-33C1F21EF2ED}.OpenNURBS_Debug|Mixed Platforms.ActiveCfg = Debug|x64
		{4D11F62B-AA30-4657-987D-33C1F21EF2ED}.OpenNURBS_Debug|Mixed Platforms.Build.0 = Debug|x64
		{4D11F62B-AA30-4657-987D-33C1F21EF2ED}.OpenNURBS_Debug|Win32.ActiveCfg = Debug|Win32
		{4D11F62B-AA30-4657-987D-33C1F21EF2ED}.OpenNURBS_Debug|Win32.Build.0 = Debug|Win32
		{4D11F62B-AA30-4657-987D-33C1F21EF2ED}.OpenNURBS_Debug|x64.ActiveCfg = Debug|x64
		{4D11F62B-AA30-4657-987D-33C1F21EF2ED}.OpenNURBS_Debug|x64.Build.0 = Debug|x64
		{4D11F62B-AA30-4657-987D-33C1F21EF2ED}.OpenNURBS_Debug|x86.ActiveCfg = Debug|x64
		{4D11F62B-AA30-4657-987D-33C1F21EF2ED}.OpenNURBS_Release|Any CPU.ActiveCfg = Release|x64
		{4D11F62B-AA30-4657-987D-33C1F21EF2ED}.OpenNURBS_Release|Mixed Platforms.ActiveCfg = Release|x64
		{4D11F62B-AA30-4657-987D-33C1F21EF2ED}.OpenNURBS_Release|Mixed Platforms.Build.0 = Release|x64
		{4D11F62B-AA30-4657-987D-33C1F21EF2ED}.OpenNURBS_Release|Win32.ActiveCfg = Release|Win32
		{4D11F62B-AA30-4657-987D-33C1F21EF2ED}.OpenNURBS_Release|Win32.Build.0 = Release|Win32
		{4D11F62B-AA30-4657-987D-33C1F21EF2ED}.OpenNURBS_Release|x64.ActiveCfg = Release|x64
		{4D11F62B-AA30-4657-987D-33C1F21EF2ED}.OpenNURBS_Release|x64.Build.0 = Release|x64
		{4D11F62B-AA30-4657-987D-33C1F21EF2ED}.OpenNURBS_Release|x86.ActiveCfg = Release|x64
		{4D11F62B-AA30-4657-987D-33C1F21EF2ED}.Release|Any CPU.ActiveCfg = Release|x64
		{4D11F62B-AA30-4657-987D-33C1F21EF2ED}.Release|Mixed Platforms.ActiveCfg = Release|Win32
		{4D11F62B-AA30-4657-987D-33C1F21EF2ED}.Release|Mixed Platforms.Build.0 = Release|Win32
		{4D11F62B-AA30-4657-987D-33C1F21EF2ED}.Release|Win32.ActiveCfg = Release|Win32
		{4D11F62B-AA30-4657-987D-33C1F21EF2ED}.Release|Win32.Build.0 = Release|Win32
		{4D11F62B-AA30-4657-987D-33C1F21EF2ED}.Release|x64.ActiveCfg = Release|x64
		{4D11F62B-AA30-4657-987D-33C1F21EF2ED}.Release|x64.Build.0 = Release|x64
		{4D11F62B-AA30-4657-987D-33C1F21EF2ED}.Release|x86.ActiveCfg = Release|x64
		{980C68E0-4FE2-4DC0-AABD-D6FEB60EB69A}.Debug|Any CPU.ActiveCfg = Debug|x86
		{980C68E0-4FE2-4DC0-AABD-D6FEB60EB69A}.Debug|Mixed Platforms.ActiveCfg = Debug|x86
		{980C68E0-4FE2-4DC0-AABD-D6FEB60EB69A}.Debug|Mixed Platforms.Build.0 = Debug|x86
		{980C68E0-4FE2-4DC0-AABD-D6FEB60EB69A}.Debug|Win32.ActiveCfg = Debug|x86
		{980C68E0-4FE2-4DC0-AABD-D6FEB60EB69A}.Debug|Win32.Build.0 = Debug|x86
		{980C68E0-4FE2-4DC0-AABD-D6FEB60EB69A}.Debug|x64.ActiveCfg = Debug|x86
		{980C68E0-4FE2-4DC0-AABD-D6FEB60EB69A}.Debug|x86.ActiveCfg = Debug|x86
		{980C68E0-4FE2-4DC0-AABD-D6FEB60EB69A}.Debug|x86.Build.0 = Debug|x86
		{980C68E0-4FE2-4DC0-AABD-D6FEB60EB69A}.GH_Debug|Any CPU.ActiveCfg = Debug|x86
		{980C68E0-4FE2-4DC0-AABD-D6FEB60EB69A}.GH_Debug|Mixed Platforms.ActiveCfg = Debug|x86
		{980C68E0-4FE2-4DC0-AABD-D6FEB60EB69A}.GH_Debug|Mixed Platforms.Build.0 = Debug|x86
		{980C68E0-4FE2-4DC0-AABD-D6FEB60EB69A}.GH_Debug|Win32.ActiveCfg = Debug|x86
		{980C68E0-4FE2-4DC0-AABD-D6FEB60EB69A}.GH_Debug|x64.ActiveCfg = Debug|x86
		{980C68E0-4FE2-4DC0-AABD-D6FEB60EB69A}.GH_Debug|x86.ActiveCfg = Debug|x86
		{980C68E0-4FE2-4DC0-AABD-D6FEB60EB69A}.GH_Debug|x86.Build.0 = Debug|x86
		{980C68E0-4FE2-4DC0-AABD-D6FEB60EB69A}.GH_Release|Any CPU.ActiveCfg = Release|x86
		{980C68E0-4FE2-4DC0-AABD-D6FEB60EB69A}.GH_Release|Mixed Platforms.ActiveCfg = Release|x86
		{980C68E0-4FE2-4DC0-AABD-D6FEB60EB69A}.GH_Release|Mixed Platforms.Build.0 = Release|x86
		{980C68E0-4FE2-4DC0-AABD-D6FEB60EB69A}.GH_Release|Win32.ActiveCfg = Release|x86
		{980C68E0-4FE2-4DC0-AABD-D6FEB60EB69A}.GH_Release|x64.ActiveCfg = Release|x86
		{980C68E0-4FE2-4DC0-AABD-D6FEB60EB69A}.GH_Release|x86.ActiveCfg = Release|x86
		{980C68E0-4FE2-4DC0-AABD-D6FEB60EB69A}.GH_Release|x86.Build.0 = Release|x86
		{980C68E0-4FE2-4DC0-AABD-D6FEB60EB69A}.Mono|Any CPU.ActiveCfg = Release|x86
		{980C68E0-4FE2-4DC0-AABD-D6FEB60EB69A}.Mono|Mixed Platforms.ActiveCfg = Release|x86
		{980C68E0-4FE2-4DC0-AABD-D6FEB60EB69A}.Mono|Mixed Platforms.Build.0 = Release|x86
		{980C68E0-4FE2-4DC0-AABD-D6FEB60EB69A}.Mono|Win32.ActiveCfg = Release|x86
		{980C68E0-4FE2-4DC0-AABD-D6FEB60EB69A}.Mono|x64.ActiveCfg = Release|x86
		{980C68E0-4FE2-4DC0-AABD-D6FEB60EB69A}.Mono|x86.ActiveCfg = Release|x86
		{980C68E0-4FE2-4DC0-AABD-D6FEB60EB69A}.Mono|x86.Build.0 = Release|x86
		{980C68E0-4FE2-4DC0-AABD-D6FEB60EB69A}.OpenNURBS_Debug|Any CPU.ActiveCfg = Debug|x86
		{980C68E0-4FE2-4DC0-AABD-D6FEB60EB69A}.OpenNURBS_Debug|Mixed Platforms.ActiveCfg = Debug|x86
		{980C68E0-4FE2-4DC0-AABD-D6FEB60EB69A}.OpenNURBS_Debug|Mixed Platforms.Build.0 = Debug|x86
		{980C68E0-4FE2-4DC0-AABD-D6FEB60EB69A}.OpenNURBS_Debug|Win32.ActiveCfg = Debug|x86
		{980C68E0-4FE2-4DC0-AABD-D6FEB60EB69A}.OpenNURBS_Debug|Win32.Build.0 = Debug|x86
		{980C68E0-4FE2-4DC0-AABD-D6FEB60EB69A}.OpenNURBS_Debug|x64.ActiveCfg = Debug|x86
		{980C68E0-4FE2-4DC0-AABD-D6FEB60EB69A}.OpenNURBS_Debug|x86.ActiveCfg = Debug|x86
		{980C68E0-4FE2-4DC0-AABD-D6FEB60EB69A}.OpenNURBS_Debug|x86.Build.0 = Debug|x86
		{980C68E0-4FE2-4DC0-AABD-D6FEB60EB69A}.OpenNURBS_Release|Any CPU.ActiveCfg = Release|x86
		{980C68E0-4FE2-4DC0-AABD-D6FEB60EB69A}.OpenNURBS_Release|Mixed Platforms.ActiveCfg = Release|x86
		{980C68E0-4FE2-4DC0-AABD-D6FEB60EB69A}.OpenNURBS_Release|Mixed Platforms.Build.0 = Release|x86
		{980C68E0-4FE2-4DC0-AABD-D6FEB60EB69A}.OpenNURBS_Release|Win32.ActiveCfg = Release|x86
		{980C68E0-4FE2-4DC0-AABD-D6FEB60EB69A}.OpenNURBS_Release|Win32.Build.0 = Release|x86
		{980C68E0-4FE2-4DC0-AABD-D6FEB60EB69A}.OpenNURBS_Release|x64.ActiveCfg = Release|x86
		{980C68E0-4FE2-4DC0-AABD-D6FEB60EB69A}.OpenNURBS_Release|x86.ActiveCfg = Release|x86
		{980C68E0-4FE2-4DC0-AABD-D6FEB60EB69A}.OpenNURBS_Release|x86.Build.0 = Release|x86
		{980C68E0-4FE2-4DC0-AABD-D6FEB60EB69A}.Release|Any CPU.ActiveCfg = Release|x86
		{980C68E0-4FE2-4DC0-AABD-D6FEB60EB69A}.Release|Mixed Platforms.ActiveCfg = Release|x86
		{980C68E0-4FE2-4DC0-AABD-D6FEB60EB69A}.Release|Mixed Platforms.Build.0 = Release|x86
		{980C68E0-4FE2-4DC0-AABD-D6FEB60EB69A}.Release|Win32.ActiveCfg = Release|x86
		{980C68E0-4FE2-4DC0-AABD-D6FEB60EB69A}.Release|Win32.Build.0 = Release|x86
		{980C68E0-4FE2-4DC0-AABD-D6FEB60EB69A}.Release|x64.ActiveCfg = Release|x86
		{980C68E0-4FE2-4DC0-AABD-D6FEB60EB69A}.Release|x86.ActiveCfg = Release|x86
		{980C68E0-4FE2-4DC0-AABD-D6FEB60EB69A}.Release|x86.Build.0 = Release|x86
	EndGlobalSection
	GlobalSection(SolutionProperties) = preSolution
		HideSolutionNode = FALSE
	EndGlobalSection
EndGlobal
