{
  "name": "obj-to-3dm-via-threejs",
  "version": "1.0.0",
  "lockfileVersion": 1,
  "requires": true,
  "dependencies": {
    "rhino3dm": {
      "version": "0.15.0-beta",
      "resolved": "https://registry.npmjs.org/rhino3dm/-/rhino3dm-0.15.0-beta.tgz",
      "integrity": "sha512-b4BZsTNs4lm1RdttXpB2LuktFSFiR6U0PAdeFsDtQHAJDC/8lewRJjpscZAYWXWG7fihvMYDpPKV9oHY4mCOTA=="
    },
    "three": {
      "version": "0.125.2",
      "resolved": "https://registry.npmjs.org/three/-/three-0.125.2.tgz",
      "integrity": "sha512-7rIRO23jVKWcAPFdW/HREU2NZMGWPBZ4XwEMt0Ak0jwLUKVJhcKM55eCBWyGZq/KiQbeo1IeuAoo/9l2dzhTXA=="
    }
  }
}
