{
  "name": "obj-to-3dm-via-threejs",
  "version": "1.0.0",
  "lockfileVersion": 2,
  "requires": true,
  "packages": {
    "": {
      "name": "obj-to-3dm-via-threejs",
      "version": "1.0.0",
      "license": "MIT",
      "dependencies": {
        "rhino3dm": "7.15.0",
        "three": "0.125.2"
      }
    },
    "node_modules/rhino3dm": {
      "version": "7.15.0",
      "resolved": "https://registry.npmjs.org/rhino3dm/-/rhino3dm-7.15.0.tgz",
      "integrity": "sha512-EOYK79KqgWNvonzXRH3eSO5Qmz1aBUzFvEZad2JUMTGq65lNOOU/LoUgFCJ0P/EZNdMJD+pNTdn9zgANOautgw=="
    },
    "node_modules/three": {
      "version": "0.125.2",
      "resolved": "https://registry.npmjs.org/three/-/three-0.125.2.tgz",
      "integrity": "sha512-7rIRO23jVKWcAPFdW/HREU2NZMGWPBZ4XwEMt0Ak0jwLUKVJhcKM55eCBWyGZq/KiQbeo1IeuAoo/9l2dzhTXA=="
    }
  },
  "dependencies": {
    "rhino3dm": {
      "version": "7.15.0",
      "resolved": "https://registry.npmjs.org/rhino3dm/-/rhino3dm-7.15.0.tgz",
      "integrity": "sha512-EOYK79KqgWNvonzXRH3eSO5Qmz1aBUzFvEZad2JUMTGq65lNOOU/LoUgFCJ0P/EZNdMJD+pNTdn9zgANOautgw=="
    },
    "three": {
      "version": "0.125.2",
      "resolved": "https://registry.npmjs.org/three/-/three-0.125.2.tgz",
      "integrity": "sha512-7rIRO23jVKWcAPFdW/HREU2NZMGWPBZ4XwEMt0Ak0jwLUKVJhcKM55eCBWyGZq/KiQbeo1IeuAoo/9l2dzhTXA=="
    }
  }
}
