
Microsoft Visual Studio Solution File, Format Version 12.00
# Visual Studio Version 17
VisualStudioVersion = 17.0.31903.59
MinimumVisualStudioVersion = 10.0.40219.1
Project("{FAE04EC0-301F-11D3-BF4B-00C04F79EFBC}") = "SampleCSViewports", "SampleCSViewports.csproj", "{51FFAE72-2517-43E9-9A2B-4CD05ACB9813}"
EndProject
Global
	GlobalSection(SolutionConfigurationPlatforms) = preSolution
		Debug|Any CPU = Debug|Any CPU
		Release|Any CPU = Release|Any CPU
	EndGlobalSection
	GlobalSection(SolutionProperties) = preSolution
		HideSolutionNode = FALSE
	EndGlobalSection
	GlobalSection(ProjectConfigurationPlatforms) = postSolution
		{51FFAE72-2517-43E9-9A2B-4CD05ACB9813}.Debug|Any CPU.ActiveCfg = Debug|Any CPU
		{51FFAE72-2517-43E9-9A2B-4CD05ACB9813}.Debug|Any CPU.Build.0 = Debug|Any CPU
		{51FFAE72-2517-43E9-9A2B-4CD05ACB9813}.Release|Any CPU.ActiveCfg = Release|Any CPU
		{51FFAE72-2517-43E9-9A2B-4CD05ACB9813}.Release|Any CPU.Build.0 = Release|Any CPU
	EndGlobalSection
EndGlobal
