{
  "name": "samplerendersettings",
  "version": "0.0.1",
  "lockfileVersion": 2,
  "requires": true,
  "packages": {
    "": {
      "name": "samplerendersettings",
      "version": "0.0.1",
      "license": "MIT",
      "dependencies": {
        "rhino3dm": "8.6.0-beta"
      }
    },
    "node_modules/rhino3dm": {
      "version": "8.6.0-beta",
      "resolved": "https://registry.npmjs.org/rhino3dm/-/rhino3dm-8.6.0-beta.tgz",
      "integrity": "sha512-/F8gsCmZTCTURnk+tVZ4/Fead4qjjGTsNyI4gwLa/ebkDzs3Z/ozOIode1+Tmn+a91ETWEj5JQ8x+8x6rkKvgA=="
    }
  },
  "dependencies": {
    "rhino3dm": {
      "version": "8.6.0-beta",
      "resolved": "https://registry.npmjs.org/rhino3dm/-/rhino3dm-8.6.0-beta.tgz",
      "integrity": "sha512-/F8gsCmZTCTURnk+tVZ4/Fead4qjjGTsNyI4gwLa/ebkDzs3Z/ozOIode1+Tmn+a91ETWEj5JQ8x+8x6rkKvgA=="
    }
  }
}
