
Microsoft Visual Studio Solution File, Format Version 12.00
# Visual Studio Version 16
VisualStudioVersion = 25.0.1706.9
MinimumVisualStudioVersion = 10.0.40219.1
Project("{FAE04EC0-301F-11D3-BF4B-00C04F79EFBC}") = "Test3dmWrite", "Test3dmWrite.csproj", "{3B736240-9A74-4D59-A445-DBB228CECF7B}"
EndProject
Global
	GlobalSection(SolutionConfigurationPlatforms) = preSolution
		Debug|Any CPU = Debug|Any CPU
		Release|Any CPU = Release|Any CPU
	EndGlobalSection
	GlobalSection(ProjectConfigurationPlatforms) = postSolution
		{3B736240-9A74-4D59-A445-DBB228CECF7B}.Debug|Any CPU.ActiveCfg = Debug|Any CPU
		{3B736240-9A74-4D59-A445-DBB228CECF7B}.Debug|Any CPU.Build.0 = Debug|Any CPU
		{3B736240-9A74-4D59-A445-DBB228CECF7B}.Release|Any CPU.ActiveCfg = Release|Any CPU
		{3B736240-9A74-4D59-A445-DBB228CECF7B}.Release|Any CPU.Build.0 = Release|Any CPU
	EndGlobalSection
	GlobalSection(SolutionProperties) = preSolution
		HideSolutionNode = FALSE
	EndGlobalSection
	GlobalSection(ExtensibilityGlobals) = postSolution
		SolutionGuid = {60E93344-4D60-49D0-A049-B1ABAEBE336E}
	EndGlobalSection
EndGlobal
