
Microsoft Visual Studio Solution File, Format Version 12.00
# Visual Studio 14
VisualStudioVersion = 14.0.25420.1
MinimumVisualStudioVersion = 10.0.40219.1
Project("{FAE04EC0-301F-11D3-BF4B-00C04F79EFBC}") = "MockingBirdIntro", "MockingBirdIntro\MockingBirdIntro.csproj", "{CCB6AB63-FDEF-44AC-9C1F-7ECA810D5B75}"
EndProject
Project("{FAE04EC0-301F-11D3-BF4B-00C04F79EFBC}") = "MockingBirdModal", "MockingBirdModal\MockingBirdModal.csproj", "{54ED5473-9B73-45B0-BF98-F9A9B2213A4C}"
EndProject
Project("{FAE04EC0-301F-11D3-BF4B-00C04F79EFBC}") = "MockingBirdChangeQueue", "MockingBirdChangeQueue\MockingBirdChangeQueue.csproj", "{4CE5B976-AE3D-4EA5-83DE-CD498A6E731D}"
EndProject
Project("{FAE04EC0-301F-11D3-BF4B-00C04F79EFBC}") = "MockingBirdViewport", "MockingBirdViewport\MockingBirdViewport.csproj", "{EFD35550-4482-4F45-8EB1-75959E38A7DD}"
EndProject
Global
	GlobalSection(SolutionConfigurationPlatforms) = preSolution
		Debug|Any CPU = Debug|Any CPU
		Release|Any CPU = Release|Any CPU
	EndGlobalSection
	GlobalSection(ProjectConfigurationPlatforms) = postSolution
		{CCB6AB63-FDEF-44AC-9C1F-7ECA810D5B75}.Debug|Any CPU.ActiveCfg = Debug|Any CPU
		{CCB6AB63-FDEF-44AC-9C1F-7ECA810D5B75}.Debug|Any CPU.Build.0 = Debug|Any CPU
		{CCB6AB63-FDEF-44AC-9C1F-7ECA810D5B75}.Release|Any CPU.ActiveCfg = Release|Any CPU
		{CCB6AB63-FDEF-44AC-9C1F-7ECA810D5B75}.Release|Any CPU.Build.0 = Release|Any CPU
		{54ED5473-9B73-45B0-BF98-F9A9B2213A4C}.Debug|Any CPU.ActiveCfg = Debug|Any CPU
		{54ED5473-9B73-45B0-BF98-F9A9B2213A4C}.Debug|Any CPU.Build.0 = Debug|Any CPU
		{54ED5473-9B73-45B0-BF98-F9A9B2213A4C}.Release|Any CPU.ActiveCfg = Release|Any CPU
		{54ED5473-9B73-45B0-BF98-F9A9B2213A4C}.Release|Any CPU.Build.0 = Release|Any CPU
		{4CE5B976-AE3D-4EA5-83DE-CD498A6E731D}.Debug|Any CPU.ActiveCfg = Debug|Any CPU
		{4CE5B976-AE3D-4EA5-83DE-CD498A6E731D}.Debug|Any CPU.Build.0 = Debug|Any CPU
		{4CE5B976-AE3D-4EA5-83DE-CD498A6E731D}.Release|Any CPU.ActiveCfg = Release|Any CPU
		{4CE5B976-AE3D-4EA5-83DE-CD498A6E731D}.Release|Any CPU.Build.0 = Release|Any CPU
		{EFD35550-4482-4F45-8EB1-75959E38A7DD}.Debug|Any CPU.ActiveCfg = Debug|Any CPU
		{EFD35550-4482-4F45-8EB1-75959E38A7DD}.Debug|Any CPU.Build.0 = Debug|Any CPU
		{EFD35550-4482-4F45-8EB1-75959E38A7DD}.Release|Any CPU.ActiveCfg = Release|Any CPU
		{EFD35550-4482-4F45-8EB1-75959E38A7DD}.Release|Any CPU.Build.0 = Release|Any CPU
	EndGlobalSection
	GlobalSection(SolutionProperties) = preSolution
		HideSolutionNode = FALSE
	EndGlobalSection
EndGlobal
