{
  "name": "nodejs-console-app1",
  "version": "0.0.0",
  "lockfileVersion": 1,
  "requires": true,
  "dependencies": {
    "edge-cs": {
      "version": "1.2.1",
      "resolved": "https://registry.npmjs.org/edge-cs/-/edge-cs-1.2.1.tgz",
      "integrity": "sha1-vRqezblO8O1AyJRYIEZ0nlcEXlo="
    },
    "edge-js": {
      "version": "14.3.2",
      "resolved": "https://registry.npmjs.org/edge-js/-/edge-js-14.3.2.tgz",
      "integrity": "sha512-BwD0IP8OWliWEciN23qKvUB5TykanNyHREUQuBEuV6B9Tjr1Ngju/3ORqvK+pCEpxTctz8xcOB/Wkk+aqxEi3A==",
      "requires": {
        "edge-cs": "1.2.1",
        "nan": "^2.14.0"
      }
    },
    "nan": {
      "version": "2.14.2",
      "resolved": "https://registry.npmjs.org/nan/-/nan-2.14.2.tgz",
      "integrity": "sha512-M2ufzIiINKCuDfBSAUr1vWQ+vuVcA9kqx8JJUsbQi6yf1uGRyb7HfpdfUr5qLXf3B/t8dPvcjhKMmlfnP47EzQ=="
    },
    "rhino3dm": {
      "version": "0.13.0",
      "resolved": "https://registry.npmjs.org/rhino3dm/-/rhino3dm-0.13.0.tgz",
      "integrity": "sha512-rgK4x3fsOGOQav2RiPiOikGBPu0KF+FOcxPtgyBvG9SZ34PZDGvEvG7BMRUBivZjZzN0z9WqNcAlulETBE5oMA=="
    }
  }
}
