{
  "name": "sample3dmmeshmodifiers",
  "version": "0.0.1",
  "lockfileVersion": 2,
  "requires": true,
  "packages": {
    "": {
      "name": "sample3dmmeshmodifiers",
      "version": "0.0.1",
      "license": "MIT",
      "dependencies": {
        "rhino3dm": "^8.0.0-beta2"
      }
    },
    "node_modules/rhino3dm": {
      "version": "8.0.0-beta2",
      "resolved": "https://registry.npmjs.org/rhino3dm/-/rhino3dm-8.0.0-beta2.tgz",
      "integrity": "sha512-9cwmSsDL3J1Dfo4BeISImsHZFU+L1JaHMXD0vlg5E49rcujFj8F0isesHoF84Ov8/S4RrFsWGWtQT63eFgmpNA=="
    }
  },
  "dependencies": {
    "rhino3dm": {
      "version": "8.0.0-beta2",
      "resolved": "https://registry.npmjs.org/rhino3dm/-/rhino3dm-8.0.0-beta2.tgz",
      "integrity": "sha512-9cwmSsDL3J1Dfo4BeISImsHZFU+L1JaHMXD0vlg5E49rcujFj8F0isesHoF84Ov8/S4RrFsWGWtQT63eFgmpNA=="
    }
  }
}
