{
  "name": "sample3dmmeshmodifiers",
  "version": "0.0.1",
  "lockfileVersion": 2,
  "requires": true,
  "packages": {
    "": {
      "name": "sample3dmmeshmodifiers",
      "version": "0.0.1",
      "license": "MIT",
      "dependencies": {
        "rhino3dm": "^8.0.1"
      }
    },
    "node_modules/rhino3dm": {
      "version": "8.0.1",
      "resolved": "https://registry.npmjs.org/rhino3dm/-/rhino3dm-8.0.1.tgz",
      "integrity": "sha512-vGMzz9po59gNGuhwACnLVzawXPE45b5fNPz/ql/Q5Xub9I7UP+phg4J4QGvA/7YeBHIgJq8WY8Xv33thAgLgVQ=="
    }
  },
  "dependencies": {
    "rhino3dm": {
      "version": "8.0.1",
      "resolved": "https://registry.npmjs.org/rhino3dm/-/rhino3dm-8.0.1.tgz",
      "integrity": "sha512-vGMzz9po59gNGuhwACnLVzawXPE45b5fNPz/ql/Q5Xub9I7UP+phg4J4QGvA/7YeBHIgJq8WY8Xv33thAgLgVQ=="
    }
  }
}
