{
  "name": "samplerendersettings",
  "version": "0.0.1",
  "lockfileVersion": 2,
  "requires": true,
  "packages": {
    "": {
      "name": "samplerendersettings",
      "version": "0.0.1",
      "license": "MIT",
      "dependencies": {
        "rhino3dm": "8.0.0-beta2"
      }
    },
    "../../rhino3dm": {
      "version": "8.0.0-beta2",
      "license": "MIT"
    },
    "node_modules/rhino3dm": {
      "resolved": "../../rhino3dm",
      "link": true
    }
  },
  "dependencies": {
    "rhino3dm": {
      "version": "file:../../rhino3dm"
    }
  }
}
