
Microsoft Visual Studio Solution File, Format Version 11.00
# Visual Studio 2010
Project("{FAE04EC0-301F-11D3-BF4B-00C04F79EFBC}") = "SampleCsCommands", "SampleCsCommands\SampleCsCommands.csproj", "{C1498326-89AB-48B0-A148-290C169CAA68}"
EndProject
Project("{FAE04EC0-301F-11D3-BF4B-00C04F79EFBC}") = "SampleCsEventWatcher", "SampleCsEventWatcher\SampleCsEventWatcher.csproj", "{C46E6928-A0E4-46D7-9382-350AF2BD1AB2}"
EndProject
Project("{FAE04EC0-301F-11D3-BF4B-00C04F79EFBC}") = "SampleCsWinForms", "SampleCsWinForms\SampleCsWinForms.csproj", "{AF28BFFB-93EC-4B7F-B61B-21E08AD1EB4C}"
EndProject
Project("{FAE04EC0-301F-11D3-BF4B-00C04F79EFBC}") = "SampleCsRectangleGrips", "SampleCsRectangleGrips\SampleCsRectangleGrips.csproj", "{F1CEC411-A11C-4C7B-9EDC-4615262EFA7A}"
EndProject
Global
	GlobalSection(SolutionConfigurationPlatforms) = preSolution
		Debug|Any CPU = Debug|Any CPU
		Release|Any CPU = Release|Any CPU
	EndGlobalSection
	GlobalSection(ProjectConfigurationPlatforms) = postSolution
		{C1498326-89AB-48B0-A148-290C169CAA68}.Debug|Any CPU.ActiveCfg = Debug|Any CPU
		{C1498326-89AB-48B0-A148-290C169CAA68}.Debug|Any CPU.Build.0 = Debug|Any CPU
		{C1498326-89AB-48B0-A148-290C169CAA68}.Release|Any CPU.ActiveCfg = Release|Any CPU
		{C1498326-89AB-48B0-A148-290C169CAA68}.Release|Any CPU.Build.0 = Release|Any CPU
		{C46E6928-A0E4-46D7-9382-350AF2BD1AB2}.Debug|Any CPU.ActiveCfg = Debug|Any CPU
		{C46E6928-A0E4-46D7-9382-350AF2BD1AB2}.Debug|Any CPU.Build.0 = Debug|Any CPU
		{C46E6928-A0E4-46D7-9382-350AF2BD1AB2}.Release|Any CPU.ActiveCfg = Release|Any CPU
		{C46E6928-A0E4-46D7-9382-350AF2BD1AB2}.Release|Any CPU.Build.0 = Release|Any CPU
		{AF28BFFB-93EC-4B7F-B61B-21E08AD1EB4C}.Debug|Any CPU.ActiveCfg = Debug|Any CPU
		{AF28BFFB-93EC-4B7F-B61B-21E08AD1EB4C}.Debug|Any CPU.Build.0 = Debug|Any CPU
		{AF28BFFB-93EC-4B7F-B61B-21E08AD1EB4C}.Release|Any CPU.ActiveCfg = Release|Any CPU
		{AF28BFFB-93EC-4B7F-B61B-21E08AD1EB4C}.Release|Any CPU.Build.0 = Release|Any CPU
		{F1CEC411-A11C-4C7B-9EDC-4615262EFA7A}.Debug|Any CPU.ActiveCfg = Debug|Any CPU
		{F1CEC411-A11C-4C7B-9EDC-4615262EFA7A}.Debug|Any CPU.Build.0 = Debug|Any CPU
		{F1CEC411-A11C-4C7B-9EDC-4615262EFA7A}.Release|Any CPU.ActiveCfg = Release|Any CPU
		{F1CEC411-A11C-4C7B-9EDC-4615262EFA7A}.Release|Any CPU.Build.0 = Release|Any CPU
	EndGlobalSection
	GlobalSection(SolutionProperties) = preSolution
		HideSolutionNode = FALSE
	EndGlobalSection
EndGlobal
