
Microsoft Visual Studio Solution File, Format Version 12.00
# Visual Studio 15
VisualStudioVersion = 15.0.27130.2020
MinimumVisualStudioVersion = 10.0.40219.1
Project("{FAE04EC0-301F-11D3-BF4B-00C04F79EFBC}") = "SampleCsCommands", "SampleCsCommands\SampleCsCommands.csproj", "{C1498326-89AB-48B0-A148-290C169CAA68}"
EndProject
Project("{FAE04EC0-301F-11D3-BF4B-00C04F79EFBC}") = "SampleCsEventWatcher", "SampleCsEventWatcher\SampleCsEventWatcher.csproj", "{C46E6928-A0E4-46D7-9382-350AF2BD1AB2}"
EndProject
Project("{FAE04EC0-301F-11D3-BF4B-00C04F79EFBC}") = "SampleCsWinForms", "SampleCsWinForms\SampleCsWinForms.csproj", "{AF28BFFB-93EC-4B7F-B61B-21E08AD1EB4C}"
EndProject
Project("{FAE04EC0-301F-11D3-BF4B-00C04F79EFBC}") = "SampleCsRectangleGrips", "SampleCsRectangleGrips\SampleCsRectangleGrips.csproj", "{F1CEC411-A11C-4C7B-9EDC-4615262EFA7A}"
EndProject
Project("{2150E333-8FDC-42A3-9474-1A3956D46DE8}") = "SampleCsAutomation", "SampleCsAutomation", "{8AE9A0F1-46C0-42B7-9027-56E3A53A9917}"
EndProject
Project("{FAE04EC0-301F-11D3-BF4B-00C04F79EFBC}") = "SampleCsRhino", "SampleCsAutomation\SampleCsRhino\SampleCsRhino.csproj", "{BAE09B24-852E-45B9-B874-AF714DEF91BD}"
EndProject
Project("{FAE04EC0-301F-11D3-BF4B-00C04F79EFBC}") = "SampleCsConsole", "SampleCsAutomation\SampleCsConsole\SampleCsConsole.csproj", "{1B83DAEF-7805-422D-A7D1-125385DF5EFC}"
EndProject
Project("{2150E333-8FDC-42A3-9474-1A3956D46DE8}") = "SampleCsSharedData", "SampleCsSharedData", "{A06662FF-7CE5-4C15-933A-6BB7660FF513}"
EndProject
Project("{FAE04EC0-301F-11D3-BF4B-00C04F79EFBC}") = "SampleCsCommon", "SampleCsSharedData\SampleCsCommon\SampleCsCommon.csproj", "{61ED5DB0-669E-4915-BD55-63C6439E57DA}"
EndProject
Project("{FAE04EC0-301F-11D3-BF4B-00C04F79EFBC}") = "SampleCsMain", "SampleCsSharedData\SampleCsMain\SampleCsMain.csproj", "{0F5E49F2-47A2-47E2-845B-B2C981C9FDA6}"
EndProject
Project("{FAE04EC0-301F-11D3-BF4B-00C04F79EFBC}") = "SampleCsTest1", "SampleCsSharedData\SampleCsTest1\SampleCsTest1.csproj", "{83482814-89B9-49A6-A987-C6E7F79FE02D}"
EndProject
Project("{FAE04EC0-301F-11D3-BF4B-00C04F79EFBC}") = "SampleCsTest2", "SampleCsSharedData\SampleCsTest2\SampleCsTest2.csproj", "{999F7EDD-BF42-4085-9D8F-5F5866C7712E}"
EndProject
Project("{FAE04EC0-301F-11D3-BF4B-00C04F79EFBC}") = "SampleCsSkin", "SampleCsSkin\SampleCsSkin.csproj", "{4E0FCE1B-4577-4F25-86FC-2F1526D2C7CB}"
EndProject
Project("{FAE04EC0-301F-11D3-BF4B-00C04F79EFBC}") = "SampleCsUserData", "SampleCsUserData\SampleCsUserData.csproj", "{444482E8-CB8F-4A79-87A8-9C3FCBCC7B16}"
EndProject
Project("{FAE04EC0-301F-11D3-BF4B-00C04F79EFBC}") = "SampleCsWpf", "SampleCsWpf\SampleCsWpf.csproj", "{098AF3EE-CF77-4FEF-859B-B3BC22C7336A}"
EndProject
Project("{FAE04EC0-301F-11D3-BF4B-00C04F79EFBC}") = "SampleCsEto", "SampleCsEto\SampleCsEto.csproj", "{CD962975-5E0A-4BB7-AF01-ABD4A9E18AAC}"
EndProject
Project("{FAE04EC0-301F-11D3-BF4B-00C04F79EFBC}") = "SampleCsCollapsibleSectionETOUI", "SampleCsCollapsibleSectionETO_UI\SampleCsCollapsibleSectionETOUI.csproj", "{D36880D5-3106-4D36-A9AB-E446E5C5781D}"
EndProject
Project("{FAE04EC0-301F-11D3-BF4B-00C04F79EFBC}") = "SampleCsCustomLightManager", "SampleCsCustomLightManager\SampleCsCustomLightManager.csproj", "{0D54F97C-FE13-4D6F-86D8-960FD4C8C5DE}"
EndProject
Project("{FAE04EC0-301F-11D3-BF4B-00C04F79EFBC}") = "SampleCsCustomRenderSettingsSections", "SampleCsCustomRenderSettingsSections\SampleCsCustomRenderSettingsSections.csproj", "{54CC4233-7407-4C76-9422-0B6F01CA802A}"
EndProject
Project("{FAE04EC0-301F-11D3-BF4B-00C04F79EFBC}") = "SampleCsCustomSunSections", "SampleCsCustomSunSections\SampleCsCustomSunSections.csproj", "{1A44E9A2-9C77-4EB5-8C15-AD1A6D4BEA9B}"
EndProject
Project("{FAE04EC0-301F-11D3-BF4B-00C04F79EFBC}") = "SampleCsRdkMaterialAutoUI", "SampleCsRdkMaterialAutoUI\SampleCsRdkMaterialAutoUI.csproj", "{3285F192-ECAC-40EE-A989-0930756D8F41}"
EndProject
Project("{FAE04EC0-301F-11D3-BF4B-00C04F79EFBC}") = "SampleCsViewportPropertiesETOUI", "SampleCsViewportPropertiesETOUI\SampleCsViewportPropertiesETOUI.csproj", "{6ABD08AA-2A75-41BB-8A29-7F4F92259AC8}"
EndProject
Project("{FAE04EC0-301F-11D3-BF4B-00C04F79EFBC}") = "SampleCsSnapshotsClient", "SampleCsSnapshotsClient\SampleCsSnapshotsClient.csproj", "{888804B9-6529-4805-9E56-4101697C4664}"
EndProject
Project("{FAE04EC0-301F-11D3-BF4B-00C04F79EFBC}") = "SampleCsMobilePlane", "SampleCsMobilePlane\SampleCsMobilePlane.csproj", "{AD3E3FE2-C1B3-45CB-8723-AC3788810E4F}"
EndProject
Project("{2150E333-8FDC-42A3-9474-1A3956D46DE8}") = "SampleCsSharedSettings", "SampleCsSharedSettings", "{F199CCE8-332B-4C91-B4E5-CE0818AD6F1F}"
EndProject
Project("{FAE04EC0-301F-11D3-BF4B-00C04F79EFBC}") = "SampleCsSettings1", "SampleCsSharedSettings\SampleCsSettings1\SampleCsSettings1.csproj", "{7F2D0955-4E2D-4854-B128-CEE498CFDD5C}"
EndProject
Project("{FAE04EC0-301F-11D3-BF4B-00C04F79EFBC}") = "SampleCsSettings2", "SampleCsSharedSettings\SampleCsSettings2\SampleCsSettings2.csproj", "{D964F53E-F101-4358-8962-D443E1A6B78E}"
EndProject
Project("{FAE04EC0-301F-11D3-BF4B-00C04F79EFBC}") = "SampleCsRdk", "SampleCsRdk\SampleCsRdk.csproj", "{E0A775C2-7D67-4125-885F-B140D4F9CC7C}"
EndProject
Project("{FAE04EC0-301F-11D3-BF4B-00C04F79EFBC}") = "SampleCsWizardPanel", "SampleCsWizardPanel\SampleCsWizardPanel.csproj", "{53E7D066-B367-4DA9-BA4B-C51FCB634DA7}"
EndProject
Project("{FAE04EC0-301F-11D3-BF4B-00C04F79EFBC}") = "SampleCsDockBar", "SampleCsDockBar\SampleCsDockBar.csproj", "{9C84103D-7C1B-4685-8763-129503FEE6B6}"
EndProject
Project("{FAE04EC0-301F-11D3-BF4B-00C04F79EFBC}") = "SampleCsWithLicense", "SampleCsWithLicense\SampleCsWithLicense.csproj", "{5DEFF610-A9C2-4922-92BC-FF6D3DEB8D5E}"
EndProject
Project("{FAE04EC0-301F-11D3-BF4B-00C04F79EFBC}") = "SampleCsDeserializeEmbeddedResource", "SampleCsDeserializeEmbeddedResource\SampleCsDeserializeEmbeddedResource.csproj", "{178BFE94-C990-40AD-B467-21A31A5F9C19}"
EndProject
Project("{FAE04EC0-301F-11D3-BF4B-00C04F79EFBC}") = "SampleCsDragDrop", "SampleCsDragDrop\SampleCsDragDrop.csproj", "{D94B1200-37DC-4DE7-856A-97ADDF3F965F}"
EndProject
Project("{FAE04EC0-301F-11D3-BF4B-00C04F79EFBC}") = "SampleCsMouseCallback", "SampleCsMouseCallback\SampleCsMouseCallback.csproj", "{CF2A3245-3EB5-4247-8532-A09139EEC262}"
EndProject
Global
	GlobalSection(SolutionConfigurationPlatforms) = preSolution
		Debug|Any CPU = Debug|Any CPU
		Release|Any CPU = Release|Any CPU
	EndGlobalSection
	GlobalSection(ProjectConfigurationPlatforms) = postSolution
		{C1498326-89AB-48B0-A148-290C169CAA68}.Debug|Any CPU.ActiveCfg = Debug|Any CPU
		{C1498326-89AB-48B0-A148-290C169CAA68}.Debug|Any CPU.Build.0 = Debug|Any CPU
		{C1498326-89AB-48B0-A148-290C169CAA68}.Release|Any CPU.ActiveCfg = Release|Any CPU
		{C1498326-89AB-48B0-A148-290C169CAA68}.Release|Any CPU.Build.0 = Release|Any CPU
		{C46E6928-A0E4-46D7-9382-350AF2BD1AB2}.Debug|Any CPU.ActiveCfg = Debug|Any CPU
		{C46E6928-A0E4-46D7-9382-350AF2BD1AB2}.Debug|Any CPU.Build.0 = Debug|Any CPU
		{C46E6928-A0E4-46D7-9382-350AF2BD1AB2}.Release|Any CPU.ActiveCfg = Release|Any CPU
		{C46E6928-A0E4-46D7-9382-350AF2BD1AB2}.Release|Any CPU.Build.0 = Release|Any CPU
		{AF28BFFB-93EC-4B7F-B61B-21E08AD1EB4C}.Debug|Any CPU.ActiveCfg = Debug|Any CPU
		{AF28BFFB-93EC-4B7F-B61B-21E08AD1EB4C}.Debug|Any CPU.Build.0 = Debug|Any CPU
		{AF28BFFB-93EC-4B7F-B61B-21E08AD1EB4C}.Release|Any CPU.ActiveCfg = Release|Any CPU
		{AF28BFFB-93EC-4B7F-B61B-21E08AD1EB4C}.Release|Any CPU.Build.0 = Release|Any CPU
		{F1CEC411-A11C-4C7B-9EDC-4615262EFA7A}.Debug|Any CPU.ActiveCfg = Debug|Any CPU
		{F1CEC411-A11C-4C7B-9EDC-4615262EFA7A}.Debug|Any CPU.Build.0 = Debug|Any CPU
		{F1CEC411-A11C-4C7B-9EDC-4615262EFA7A}.Release|Any CPU.ActiveCfg = Release|Any CPU
		{F1CEC411-A11C-4C7B-9EDC-4615262EFA7A}.Release|Any CPU.Build.0 = Release|Any CPU
		{BAE09B24-852E-45B9-B874-AF714DEF91BD}.Debug|Any CPU.ActiveCfg = Debug|Any CPU
		{BAE09B24-852E-45B9-B874-AF714DEF91BD}.Debug|Any CPU.Build.0 = Debug|Any CPU
		{BAE09B24-852E-45B9-B874-AF714DEF91BD}.Release|Any CPU.ActiveCfg = Release|Any CPU
		{BAE09B24-852E-45B9-B874-AF714DEF91BD}.Release|Any CPU.Build.0 = Release|Any CPU
		{1B83DAEF-7805-422D-A7D1-125385DF5EFC}.Debug|Any CPU.ActiveCfg = Debug|Any CPU
		{1B83DAEF-7805-422D-A7D1-125385DF5EFC}.Debug|Any CPU.Build.0 = Debug|Any CPU
		{1B83DAEF-7805-422D-A7D1-125385DF5EFC}.Release|Any CPU.ActiveCfg = Release|Any CPU
		{1B83DAEF-7805-422D-A7D1-125385DF5EFC}.Release|Any CPU.Build.0 = Release|Any CPU
		{61ED5DB0-669E-4915-BD55-63C6439E57DA}.Debug|Any CPU.ActiveCfg = Debug|Any CPU
		{61ED5DB0-669E-4915-BD55-63C6439E57DA}.Debug|Any CPU.Build.0 = Debug|Any CPU
		{61ED5DB0-669E-4915-BD55-63C6439E57DA}.Release|Any CPU.ActiveCfg = Release|Any CPU
		{61ED5DB0-669E-4915-BD55-63C6439E57DA}.Release|Any CPU.Build.0 = Release|Any CPU
		{0F5E49F2-47A2-47E2-845B-B2C981C9FDA6}.Debug|Any CPU.ActiveCfg = Debug|Any CPU
		{0F5E49F2-47A2-47E2-845B-B2C981C9FDA6}.Debug|Any CPU.Build.0 = Debug|Any CPU
		{0F5E49F2-47A2-47E2-845B-B2C981C9FDA6}.Release|Any CPU.ActiveCfg = Release|Any CPU
		{0F5E49F2-47A2-47E2-845B-B2C981C9FDA6}.Release|Any CPU.Build.0 = Release|Any CPU
		{83482814-89B9-49A6-A987-C6E7F79FE02D}.Debug|Any CPU.ActiveCfg = Debug|Any CPU
		{83482814-89B9-49A6-A987-C6E7F79FE02D}.Debug|Any CPU.Build.0 = Debug|Any CPU
		{83482814-89B9-49A6-A987-C6E7F79FE02D}.Release|Any CPU.ActiveCfg = Release|Any CPU
		{83482814-89B9-49A6-A987-C6E7F79FE02D}.Release|Any CPU.Build.0 = Release|Any CPU
		{999F7EDD-BF42-4085-9D8F-5F5866C7712E}.Debug|Any CPU.ActiveCfg = Debug|Any CPU
		{999F7EDD-BF42-4085-9D8F-5F5866C7712E}.Debug|Any CPU.Build.0 = Debug|Any CPU
		{999F7EDD-BF42-4085-9D8F-5F5866C7712E}.Release|Any CPU.ActiveCfg = Release|Any CPU
		{999F7EDD-BF42-4085-9D8F-5F5866C7712E}.Release|Any CPU.Build.0 = Release|Any CPU
		{4E0FCE1B-4577-4F25-86FC-2F1526D2C7CB}.Debug|Any CPU.ActiveCfg = Debug|Any CPU
		{4E0FCE1B-4577-4F25-86FC-2F1526D2C7CB}.Debug|Any CPU.Build.0 = Debug|Any CPU
		{4E0FCE1B-4577-4F25-86FC-2F1526D2C7CB}.Release|Any CPU.ActiveCfg = Release|Any CPU
		{4E0FCE1B-4577-4F25-86FC-2F1526D2C7CB}.Release|Any CPU.Build.0 = Release|Any CPU
		{444482E8-CB8F-4A79-87A8-9C3FCBCC7B16}.Debug|Any CPU.ActiveCfg = Debug|Any CPU
		{444482E8-CB8F-4A79-87A8-9C3FCBCC7B16}.Debug|Any CPU.Build.0 = Debug|Any CPU
		{444482E8-CB8F-4A79-87A8-9C3FCBCC7B16}.Release|Any CPU.ActiveCfg = Release|Any CPU
		{444482E8-CB8F-4A79-87A8-9C3FCBCC7B16}.Release|Any CPU.Build.0 = Release|Any CPU
		{098AF3EE-CF77-4FEF-859B-B3BC22C7336A}.Debug|Any CPU.ActiveCfg = Debug|Any CPU
		{098AF3EE-CF77-4FEF-859B-B3BC22C7336A}.Debug|Any CPU.Build.0 = Debug|Any CPU
		{098AF3EE-CF77-4FEF-859B-B3BC22C7336A}.Release|Any CPU.ActiveCfg = Release|Any CPU
		{098AF3EE-CF77-4FEF-859B-B3BC22C7336A}.Release|Any CPU.Build.0 = Release|Any CPU
		{CD962975-5E0A-4BB7-AF01-ABD4A9E18AAC}.Debug|Any CPU.ActiveCfg = Debug|Any CPU
		{CD962975-5E0A-4BB7-AF01-ABD4A9E18AAC}.Debug|Any CPU.Build.0 = Debug|Any CPU
		{CD962975-5E0A-4BB7-AF01-ABD4A9E18AAC}.Release|Any CPU.ActiveCfg = Release|Any CPU
		{CD962975-5E0A-4BB7-AF01-ABD4A9E18AAC}.Release|Any CPU.Build.0 = Release|Any CPU
		{D36880D5-3106-4D36-A9AB-E446E5C5781D}.Debug|Any CPU.ActiveCfg = Debug|Any CPU
		{D36880D5-3106-4D36-A9AB-E446E5C5781D}.Debug|Any CPU.Build.0 = Debug|Any CPU
		{D36880D5-3106-4D36-A9AB-E446E5C5781D}.Release|Any CPU.ActiveCfg = Release|Any CPU
		{D36880D5-3106-4D36-A9AB-E446E5C5781D}.Release|Any CPU.Build.0 = Release|Any CPU
		{0D54F97C-FE13-4D6F-86D8-960FD4C8C5DE}.Debug|Any CPU.ActiveCfg = Debug|Any CPU
		{0D54F97C-FE13-4D6F-86D8-960FD4C8C5DE}.Debug|Any CPU.Build.0 = Debug|Any CPU
		{0D54F97C-FE13-4D6F-86D8-960FD4C8C5DE}.Release|Any CPU.ActiveCfg = Release|Any CPU
		{0D54F97C-FE13-4D6F-86D8-960FD4C8C5DE}.Release|Any CPU.Build.0 = Release|Any CPU
		{54CC4233-7407-4C76-9422-0B6F01CA802A}.Debug|Any CPU.ActiveCfg = Debug|Any CPU
		{54CC4233-7407-4C76-9422-0B6F01CA802A}.Debug|Any CPU.Build.0 = Debug|Any CPU
		{54CC4233-7407-4C76-9422-0B6F01CA802A}.Release|Any CPU.ActiveCfg = Release|Any CPU
		{54CC4233-7407-4C76-9422-0B6F01CA802A}.Release|Any CPU.Build.0 = Release|Any CPU
		{1A44E9A2-9C77-4EB5-8C15-AD1A6D4BEA9B}.Debug|Any CPU.ActiveCfg = Debug|Any CPU
		{1A44E9A2-9C77-4EB5-8C15-AD1A6D4BEA9B}.Debug|Any CPU.Build.0 = Debug|Any CPU
		{1A44E9A2-9C77-4EB5-8C15-AD1A6D4BEA9B}.Release|Any CPU.ActiveCfg = Release|Any CPU
		{1A44E9A2-9C77-4EB5-8C15-AD1A6D4BEA9B}.Release|Any CPU.Build.0 = Release|Any CPU
		{3285F192-ECAC-40EE-A989-0930756D8F41}.Debug|Any CPU.ActiveCfg = Debug|Any CPU
		{3285F192-ECAC-40EE-A989-0930756D8F41}.Debug|Any CPU.Build.0 = Debug|Any CPU
		{3285F192-ECAC-40EE-A989-0930756D8F41}.Release|Any CPU.ActiveCfg = Release|Any CPU
		{3285F192-ECAC-40EE-A989-0930756D8F41}.Release|Any CPU.Build.0 = Release|Any CPU
		{6ABD08AA-2A75-41BB-8A29-7F4F92259AC8}.Debug|Any CPU.ActiveCfg = Debug|Any CPU
		{6ABD08AA-2A75-41BB-8A29-7F4F92259AC8}.Debug|Any CPU.Build.0 = Debug|Any CPU
		{6ABD08AA-2A75-41BB-8A29-7F4F92259AC8}.Release|Any CPU.ActiveCfg = Release|Any CPU
		{6ABD08AA-2A75-41BB-8A29-7F4F92259AC8}.Release|Any CPU.Build.0 = Release|Any CPU
		{888804B9-6529-4805-9E56-4101697C4664}.Debug|Any CPU.ActiveCfg = Debug|Any CPU
		{888804B9-6529-4805-9E56-4101697C4664}.Debug|Any CPU.Build.0 = Debug|Any CPU
		{888804B9-6529-4805-9E56-4101697C4664}.Release|Any CPU.ActiveCfg = Release|Any CPU
		{888804B9-6529-4805-9E56-4101697C4664}.Release|Any CPU.Build.0 = Release|Any CPU
		{AD3E3FE2-C1B3-45CB-8723-AC3788810E4F}.Debug|Any CPU.ActiveCfg = Debug|Any CPU
		{AD3E3FE2-C1B3-45CB-8723-AC3788810E4F}.Debug|Any CPU.Build.0 = Debug|Any CPU
		{AD3E3FE2-C1B3-45CB-8723-AC3788810E4F}.Release|Any CPU.ActiveCfg = Release|Any CPU
		{AD3E3FE2-C1B3-45CB-8723-AC3788810E4F}.Release|Any CPU.Build.0 = Release|Any CPU
		{7F2D0955-4E2D-4854-B128-CEE498CFDD5C}.Debug|Any CPU.ActiveCfg = Debug|Any CPU
		{7F2D0955-4E2D-4854-B128-CEE498CFDD5C}.Debug|Any CPU.Build.0 = Debug|Any CPU
		{7F2D0955-4E2D-4854-B128-CEE498CFDD5C}.Release|Any CPU.ActiveCfg = Release|Any CPU
		{7F2D0955-4E2D-4854-B128-CEE498CFDD5C}.Release|Any CPU.Build.0 = Release|Any CPU
		{D964F53E-F101-4358-8962-D443E1A6B78E}.Debug|Any CPU.ActiveCfg = Debug|Any CPU
		{D964F53E-F101-4358-8962-D443E1A6B78E}.Debug|Any CPU.Build.0 = Debug|Any CPU
		{D964F53E-F101-4358-8962-D443E1A6B78E}.Release|Any CPU.ActiveCfg = Release|Any CPU
		{D964F53E-F101-4358-8962-D443E1A6B78E}.Release|Any CPU.Build.0 = Release|Any CPU
		{E0A775C2-7D67-4125-885F-B140D4F9CC7C}.Debug|Any CPU.ActiveCfg = Debug|Any CPU
		{E0A775C2-7D67-4125-885F-B140D4F9CC7C}.Debug|Any CPU.Build.0 = Debug|Any CPU
		{E0A775C2-7D67-4125-885F-B140D4F9CC7C}.Release|Any CPU.ActiveCfg = Release|Any CPU
		{E0A775C2-7D67-4125-885F-B140D4F9CC7C}.Release|Any CPU.Build.0 = Release|Any CPU
		{53E7D066-B367-4DA9-BA4B-C51FCB634DA7}.Debug|Any CPU.ActiveCfg = Debug|Any CPU
		{53E7D066-B367-4DA9-BA4B-C51FCB634DA7}.Debug|Any CPU.Build.0 = Debug|Any CPU
		{53E7D066-B367-4DA9-BA4B-C51FCB634DA7}.Release|Any CPU.ActiveCfg = Release|Any CPU
		{53E7D066-B367-4DA9-BA4B-C51FCB634DA7}.Release|Any CPU.Build.0 = Release|Any CPU
		{9C84103D-7C1B-4685-8763-129503FEE6B6}.Debug|Any CPU.ActiveCfg = Debug|Any CPU
		{9C84103D-7C1B-4685-8763-129503FEE6B6}.Debug|Any CPU.Build.0 = Debug|Any CPU
		{9C84103D-7C1B-4685-8763-129503FEE6B6}.Release|Any CPU.ActiveCfg = Release|Any CPU
		{9C84103D-7C1B-4685-8763-129503FEE6B6}.Release|Any CPU.Build.0 = Release|Any CPU
		{5DEFF610-A9C2-4922-92BC-FF6D3DEB8D5E}.Debug|Any CPU.ActiveCfg = Debug|Any CPU
		{5DEFF610-A9C2-4922-92BC-FF6D3DEB8D5E}.Debug|Any CPU.Build.0 = Debug|Any CPU
		{5DEFF610-A9C2-4922-92BC-FF6D3DEB8D5E}.Release|Any CPU.ActiveCfg = Release|Any CPU
		{5DEFF610-A9C2-4922-92BC-FF6D3DEB8D5E}.Release|Any CPU.Build.0 = Release|Any CPU
		{178BFE94-C990-40AD-B467-21A31A5F9C19}.Debug|Any CPU.ActiveCfg = Debug|Any CPU
		{178BFE94-C990-40AD-B467-21A31A5F9C19}.Debug|Any CPU.Build.0 = Debug|Any CPU
		{178BFE94-C990-40AD-B467-21A31A5F9C19}.Release|Any CPU.ActiveCfg = Release|Any CPU
		{178BFE94-C990-40AD-B467-21A31A5F9C19}.Release|Any CPU.Build.0 = Release|Any CPU
		{D94B1200-37DC-4DE7-856A-97ADDF3F965F}.Debug|Any CPU.ActiveCfg = Debug|Any CPU
		{D94B1200-37DC-4DE7-856A-97ADDF3F965F}.Debug|Any CPU.Build.0 = Debug|Any CPU
		{D94B1200-37DC-4DE7-856A-97ADDF3F965F}.Release|Any CPU.ActiveCfg = Release|Any CPU
		{D94B1200-37DC-4DE7-856A-97ADDF3F965F}.Release|Any CPU.Build.0 = Release|Any CPU
		{CF2A3245-3EB5-4247-8532-A09139EEC262}.Debug|Any CPU.ActiveCfg = Debug|Any CPU
		{CF2A3245-3EB5-4247-8532-A09139EEC262}.Debug|Any CPU.Build.0 = Debug|Any CPU
		{CF2A3245-3EB5-4247-8532-A09139EEC262}.Release|Any CPU.ActiveCfg = Release|Any CPU
		{CF2A3245-3EB5-4247-8532-A09139EEC262}.Release|Any CPU.Build.0 = Release|Any CPU
	EndGlobalSection
	GlobalSection(SolutionProperties) = preSolution
		HideSolutionNode = FALSE
	EndGlobalSection
	GlobalSection(NestedProjects) = preSolution
		{BAE09B24-852E-45B9-B874-AF714DEF91BD} = {8AE9A0F1-46C0-42B7-9027-56E3A53A9917}
		{1B83DAEF-7805-422D-A7D1-125385DF5EFC} = {8AE9A0F1-46C0-42B7-9027-56E3A53A9917}
		{61ED5DB0-669E-4915-BD55-63C6439E57DA} = {A06662FF-7CE5-4C15-933A-6BB7660FF513}
		{0F5E49F2-47A2-47E2-845B-B2C981C9FDA6} = {A06662FF-7CE5-4C15-933A-6BB7660FF513}
		{83482814-89B9-49A6-A987-C6E7F79FE02D} = {A06662FF-7CE5-4C15-933A-6BB7660FF513}
		{999F7EDD-BF42-4085-9D8F-5F5866C7712E} = {A06662FF-7CE5-4C15-933A-6BB7660FF513}
		{7F2D0955-4E2D-4854-B128-CEE498CFDD5C} = {F199CCE8-332B-4C91-B4E5-CE0818AD6F1F}
		{D964F53E-F101-4358-8962-D443E1A6B78E} = {F199CCE8-332B-4C91-B4E5-CE0818AD6F1F}
	EndGlobalSection
	GlobalSection(ExtensibilityGlobals) = postSolution
		SolutionGuid = {7D1D2B34-2741-4C85-9E83-7D24C25868EB}
	EndGlobalSection
EndGlobal
