
Microsoft Visual Studio Solution File, Format Version 12.00
# Visual Studio 15
VisualStudioVersion = 15.0.28307.852
MinimumVisualStudioVersion = 10.0.40219.1
Project("{FAE04EC0-301F-11D3-BF4B-00C04F79EFBC}") = "EtoApp", "EtoApp.csproj", "{D629BA01-93AE-4DC0-AE13-C354B08D8557}"
EndProject
Global
	GlobalSection(SolutionConfigurationPlatforms) = preSolution
		Debug|Any CPU = Debug|Any CPU
		Release|Any CPU = Release|Any CPU
	EndGlobalSection
	GlobalSection(ProjectConfigurationPlatforms) = postSolution
		{D629BA01-93AE-4DC0-AE13-C354B08D8557}.Debug|Any CPU.ActiveCfg = Debug|Any CPU
		{D629BA01-93AE-4DC0-AE13-C354B08D8557}.Debug|Any CPU.Build.0 = Debug|Any CPU
		{D629BA01-93AE-4DC0-AE13-C354B08D8557}.Release|Any CPU.ActiveCfg = Release|Any CPU
		{D629BA01-93AE-4DC0-AE13-C354B08D8557}.Release|Any CPU.Build.0 = Release|Any CPU
	EndGlobalSection
	GlobalSection(SolutionProperties) = preSolution
		HideSolutionNode = FALSE
	EndGlobalSection
	GlobalSection(ExtensibilityGlobals) = postSolution
		SolutionGuid = {E22F3271-F95A-4034-A5FF-5609E974EAA7}
	EndGlobalSection
EndGlobal
